// !$*UTF8*$!
{
	archiveVersion = 1;
	classes = {
	};
	objectVersion = 46;
	objects = {

/* Begin PBXBuildFile section */
		F1EC1A891999FC40006C9A22 /* Foundation.framework in Frameworks */ = {isa = PBXBuildFile; fileRef = F1EC1A881999FC40006C9A22 /* Foundation.framework */; };
		F1EC1A8B1999FC40006C9A22 /* CoreGraphics.framework in Frameworks */ = {isa = PBXBuildFile; fileRef = F1EC1A8A1999FC40006C9A22 /* CoreGraphics.framework */; };
		F1EC1A8D1999FC40006C9A22 /* UIKit.framework in Frameworks */ = {isa = PBXBuildFile; fileRef = F1EC1A8C1999FC40006C9A22 /* UIKit.framework */; };
		F1EC1A931999FC40006C9A22 /* InfoPlist.strings in Resources */ = {isa = PBXBuildFile; fileRef = F1EC1A911999FC40006C9A22 /* InfoPlist.strings */; };
		F1EC1A951999FC40006C9A22 /* main.m in Sources */ = {isa = PBXBuildFile; fileRef = F1EC1A941999FC40006C9A22 /* main.m */; };
		F1EC1A991999FC40006C9A22 /* WNAppDelegate.m in Sources */ = {isa = PBXBuildFile; fileRef = F1EC1A981999FC40006C9A22 /* WNAppDelegate.m */; };
		F1EC1A9B1999FC40006C9A22 /* Images.xcassets in Resources */ = {isa = PBXBuildFile; fileRef = F1EC1A9A1999FC40006C9A22 /* Images.xcassets */; };
		F1EC1AA21999FC41006C9A22 /* XCTest.framework in Frameworks */ = {isa = PBXBuildFile; fileRef = F1EC1AA11999FC41006C9A22 /* XCTest.framework */; };
		F1EC1AA31999FC41006C9A22 /* Foundation.framework in Frameworks */ = {isa = PBXBuildFile; fileRef = F1EC1A881999FC40006C9A22 /* Foundation.framework */; };
		F1EC1AA41999FC41006C9A22 /* UIKit.framework in Frameworks */ = {isa = PBXBuildFile; fileRef = F1EC1A8C1999FC40006C9A22 /* UIKit.framework */; };
		F1EC1AAC1999FC41006C9A22 /* InfoPlist.strings in Resources */ = {isa = PBXBuildFile; fileRef = F1EC1AAA1999FC41006C9A22 /* InfoPlist.strings */; };
		F1EC1AAE1999FC41006C9A22 /* iOSBasicMidTermTests.m in Sources */ = {isa = PBXBuildFile; fileRef = F1EC1AAD1999FC41006C9A22 /* iOSBasicMidTermTests.m */; };
		F1EC1ACE1999FCAF006C9A22 /* 01.jpg in Resources */ = {isa = PBXBuildFile; fileRef = F1EC1AB81999FCAF006C9A22 /* 01.jpg */; };
		F1EC1ACF1999FCAF006C9A22 /* 02.jpg in Resources */ = {isa = PBXBuildFile; fileRef = F1EC1AB91999FCAF006C9A22 /* 02.jpg */; };
		F1EC1AD01999FCAF006C9A22 /* 03.jpg in Resources */ = {isa = PBXBuildFile; fileRef = F1EC1ABA1999FCAF006C9A22 /* 03.jpg */; };
		F1EC1AD11999FCAF006C9A22 /* 04.jpg in Resources */ = {isa = PBXBuildFile; fileRef = F1EC1ABB1999FCAF006C9A22 /* 04.jpg */; };
		F1EC1AD21999FCAF006C9A22 /* 05.jpg in Resources */ = {isa = PBXBuildFile; fileRef = F1EC1ABC1999FCAF006C9A22 /* 05.jpg */; };
		F1EC1AD31999FCAF006C9A22 /* 06.jpg in Resources */ = {isa = PBXBuildFile; fileRef = F1EC1ABD1999FCAF006C9A22 /* 06.jpg */; };
		F1EC1AD41999FCAF006C9A22 /* 07.jpg in Resources */ = {isa = PBXBuildFile; fileRef = F1EC1ABE1999FCAF006C9A22 /* 07.jpg */; };
		F1EC1AD51999FCAF006C9A22 /* 08.jpg in Resources */ = {isa = PBXBuildFile; fileRef = F1EC1ABF1999FCAF006C9A22 /* 08.jpg */; };
		F1EC1AD61999FCAF006C9A22 /* 09.jpg in Resources */ = {isa = PBXBuildFile; fileRef = F1EC1AC01999FCAF006C9A22 /* 09.jpg */; };
		F1EC1AD71999FCAF006C9A22 /* 10.jpg in Resources */ = {isa = PBXBuildFile; fileRef = F1EC1AC11999FCAF006C9A22 /* 10.jpg */; };
		F1EC1AD81999FCAF006C9A22 /* 11.jpg in Resources */ = {isa = PBXBuildFile; fileRef = F1EC1AC21999FCAF006C9A22 /* 11.jpg */; };
		F1EC1AD91999FCAF006C9A22 /* 12.jpg in Resources */ = {isa = PBXBuildFile; fileRef = F1EC1AC31999FCAF006C9A22 /* 12.jpg */; };
		F1EC1ADA1999FCAF006C9A22 /* 13.jpg in Resources */ = {isa = PBXBuildFile; fileRef = F1EC1AC41999FCAF006C9A22 /* 13.jpg */; };
		F1EC1ADB1999FCAF006C9A22 /* 14.jpg in Resources */ = {isa = PBXBuildFile; fileRef = F1EC1AC51999FCAF006C9A22 /* 14.jpg */; };
		F1EC1ADC1999FCAF006C9A22 /* 15.jpg in Resources */ = {isa = PBXBuildFile; fileRef = F1EC1AC61999FCAF006C9A22 /* 15.jpg */; };
		F1EC1ADD1999FCAF006C9A22 /* 16.jpg in Resources */ = {isa = PBXBuildFile; fileRef = F1EC1AC71999FCAF006C9A22 /* 16.jpg */; };
		F1EC1ADE1999FCAF006C9A22 /* 17.jpg in Resources */ = {isa = PBXBuildFile; fileRef = F1EC1AC81999FCAF006C9A22 /* 17.jpg */; };
		F1EC1ADF1999FCAF006C9A22 /* 18.jpg in Resources */ = {isa = PBXBuildFile; fileRef = F1EC1AC91999FCAF006C9A22 /* 18.jpg */; };
		F1EC1AE01999FCAF006C9A22 /* 19.jpg in Resources */ = {isa = PBXBuildFile; fileRef = F1EC1ACA1999FCAF006C9A22 /* 19.jpg */; };
		F1EC1AE11999FCAF006C9A22 /* 20.jpg in Resources */ = {isa = PBXBuildFile; fileRef = F1EC1ACB1999FCAF006C9A22 /* 20.jpg */; };
		F1EC1AE21999FCAF006C9A22 /* 21.jpg in Resources */ = {isa = PBXBuildFile; fileRef = F1EC1ACC1999FCAF006C9A22 /* 21.jpg */; };
		F1EC1AE31999FCAF006C9A22 /* 22.jpg in Resources */ = {isa = PBXBuildFile; fileRef = F1EC1ACD1999FCAF006C9A22 /* 22.jpg */; };
		F1EC1AE71999FCF3006C9A22 /* WNMainViewController.m in Sources */ = {isa = PBXBuildFile; fileRef = F1EC1AE61999FCF3006C9A22 /* WNMainViewController.m */; };
		F1EC1AEB199A055C006C9A22 /* WNTableViewCell.m in Sources */ = {isa = PBXBuildFile; fileRef = F1EC1AEA199A055C006C9A22 /* WNTableViewCell.m */; };
		F1EC1AEF199A05D4006C9A22 /* WNDataModel.m in Sources */ = {isa = PBXBuildFile; fileRef = F1EC1AEE199A05D4006C9A22 /* WNDataModel.m */; };
		F1EC1AF2199A39D0006C9A22 /* WNPhotoViewController.m in Sources */ = {isa = PBXBuildFile; fileRef = F1EC1AF1199A39D0006C9A22 /* WNPhotoViewController.m */; };
		F1EC1B74199CCF96006C9A22 /* WNCustomViewController.m in Sources */ = {isa = PBXBuildFile; fileRef = F1EC1B73199CCF96006C9A22 /* WNCustomViewController.m */; };
/* End PBXBuildFile section */

/* Begin PBXContainerItemProxy section */
		F1EC1AA51999FC41006C9A22 /* PBXContainerItemProxy */ = {
			isa = PBXContainerItemProxy;
			containerPortal = F1EC1A7D1999FC40006C9A22 /* Project object */;
			proxyType = 1;
			remoteGlobalIDString = F1EC1A841999FC40006C9A22;
			remoteInfo = iOSBasicMidTerm;
		};
/* End PBXContainerItemProxy section */

/* Begin PBXFileReference section */
		F1EC1A851999FC40006C9A22 /* iOSBasicMidTerm.app */ = {isa = PBXFileReference; explicitFileType = wrapper.application; includeInIndex = 0; path = iOSBasicMidTerm.app; sourceTree = BUILT_PRODUCTS_DIR; };
		F1EC1A881999FC40006C9A22 /* Foundation.framework */ = {isa = PBXFileReference; lastKnownFileType = wrapper.framework; name = Foundation.framework; path = System/Library/Frameworks/Foundation.framework; sourceTree = SDKROOT; };
		F1EC1A8A1999FC40006C9A22 /* CoreGraphics.framework */ = {isa = PBXFileReference; lastKnownFileType = wrapper.framework; name = CoreGraphics.framework; path = System/Library/Frameworks/CoreGraphics.framework; sourceTree = SDKROOT; };
		F1EC1A8C1999FC40006C9A22 /* UIKit.framework */ = {isa = PBXFileReference; lastKnownFileType = wrapper.framework; name = UIKit.framework; path = System/Library/Frameworks/UIKit.framework; sourceTree = SDKROOT; };
		F1EC1A901999FC40006C9A22 /* iOSBasicMidTerm-Info.plist */ = {isa = PBXFileReference; lastKnownFileType = text.plist.xml; path = "iOSBasicMidTerm-Info.plist"; sourceTree = "<group>"; };
		F1EC1A921999FC40006C9A22 /* en */ = {isa = PBXFileReference; lastKnownFileType = text.plist.strings; name = en; path = en.lproj/InfoPlist.strings; sourceTree = "<group>"; };
		F1EC1A941999FC40006C9A22 /* main.m */ = {isa = PBXFileReference; lastKnownFileType = sourcecode.c.objc; path = main.m; sourceTree = "<group>"; };
		F1EC1A961999FC40006C9A22 /* iOSBasicMidTerm-Prefix.pch */ = {isa = PBXFileReference; lastKnownFileType = sourcecode.c.h; path = "iOSBasicMidTerm-Prefix.pch"; sourceTree = "<group>"; };
		F1EC1A971999FC40006C9A22 /* WNAppDelegate.h */ = {isa = PBXFileReference; lastKnownFileType = sourcecode.c.h; path = WNAppDelegate.h; sourceTree = "<group>"; };
		F1EC1A981999FC40006C9A22 /* WNAppDelegate.m */ = {isa = PBXFileReference; lastKnownFileType = sourcecode.c.objc; path = WNAppDelegate.m; sourceTree = "<group>"; };
		F1EC1A9A1999FC40006C9A22 /* Images.xcassets */ = {isa = PBXFileReference; lastKnownFileType = folder.assetcatalog; path = Images.xcassets; sourceTree = "<group>"; };
		F1EC1AA01999FC41006C9A22 /* iOSBasicMidTermTests.xctest */ = {isa = PBXFileReference; explicitFileType = wrapper.cfbundle; includeInIndex = 0; path = iOSBasicMidTermTests.xctest; sourceTree = BUILT_PRODUCTS_DIR; };
		F1EC1AA11999FC41006C9A22 /* XCTest.framework */ = {isa = PBXFileReference; lastKnownFileType = wrapper.framework; name = XCTest.framework; path = Library/Frameworks/XCTest.framework; sourceTree = DEVELOPER_DIR; };
		F1EC1AA91999FC41006C9A22 /* iOSBasicMidTermTests-Info.plist */ = {isa = PBXFileReference; lastKnownFileType = text.plist.xml; path = "iOSBasicMidTermTests-Info.plist"; sourceTree = "<group>"; };
		F1EC1AAB1999FC41006C9A22 /* en */ = {isa = PBXFileReference; lastKnownFileType = text.plist.strings; name = en; path = en.lproj/InfoPlist.strings; sourceTree = "<group>"; };
		F1EC1AAD1999FC41006C9A22 /* iOSBasicMidTermTests.m */ = {isa = PBXFileReference; lastKnownFileType = sourcecode.c.objc; path = iOSBasicMidTermTests.m; sourceTree = "<group>"; };
		F1EC1AB81999FCAF006C9A22 /* 01.jpg */ = {isa = PBXFileReference; lastKnownFileType = image.jpeg; path = 01.jpg; sourceTree = "<group>"; };
		F1EC1AB91999FCAF006C9A22 /* 02.jpg */ = {isa = PBXFileReference; lastKnownFileType = image.jpeg; path = 02.jpg; sourceTree = "<group>"; };
		F1EC1ABA1999FCAF006C9A22 /* 03.jpg */ = {isa = PBXFileReference; lastKnownFileType = image.jpeg; path = 03.jpg; sourceTree = "<group>"; };
		F1EC1ABB1999FCAF006C9A22 /* 04.jpg */ = {isa = PBXFileReference; lastKnownFileType = image.jpeg; path = 04.jpg; sourceTree = "<group>"; };
		F1EC1ABC1999FCAF006C9A22 /* 05.jpg */ = {isa = PBXFileReference; lastKnownFileType = image.jpeg; path = 05.jpg; sourceTree = "<group>"; };
		F1EC1ABD1999FCAF006C9A22 /* 06.jpg */ = {isa = PBXFileReference; lastKnownFileType = image.jpeg; path = 06.jpg; sourceTree = "<group>"; };
		F1EC1ABE1999FCAF006C9A22 /* 07.jpg */ = {isa = PBXFileReference; lastKnownFileType = image.jpeg; path = 07.jpg; sourceTree = "<group>"; };
		F1EC1ABF1999FCAF006C9A22 /* 08.jpg */ = {isa = PBXFileReference; lastKnownFileType = image.jpeg; path = 08.jpg; sourceTree = "<group>"; };
		F1EC1AC01999FCAF006C9A22 /* 09.jpg */ = {isa = PBXFileReference; lastKnownFileType = image.jpeg; path = 09.jpg; sourceTree = "<group>"; };
		F1EC1AC11999FCAF006C9A22 /* 10.jpg */ = {isa = PBXFileReference; lastKnownFileType = image.jpeg; path = 10.jpg; sourceTree = "<group>"; };
		F1EC1AC21999FCAF006C9A22 /* 11.jpg */ = {isa = PBXFileReference; lastKnownFileType = image.jpeg; path = 11.jpg; sourceTree = "<group>"; };
		F1EC1AC31999FCAF006C9A22 /* 12.jpg */ = {isa = PBXFileReference; lastKnownFileType = image.jpeg; path = 12.jpg; sourceTree = "<group>"; };
		F1EC1AC41999FCAF006C9A22 /* 13.jpg */ = {isa = PBXFileReference; lastKnownFileType = image.jpeg; path = 13.jpg; sourceTree = "<group>"; };
		F1EC1AC51999FCAF006C9A22 /* 14.jpg */ = {isa = PBXFileReference; lastKnownFileType = image.jpeg; path = 14.jpg; sourceTree = "<group>"; };
		F1EC1AC61999FCAF006C9A22 /* 15.jpg */ = {isa = PBXFileReference; lastKnownFileType = image.jpeg; path = 15.jpg; sourceTree = "<group>"; };
		F1EC1AC71999FCAF006C9A22 /* 16.jpg */ = {isa = PBXFileReference; lastKnownFileType = image.jpeg; path = 16.jpg; sourceTree = "<group>"; };
		F1EC1AC81999FCAF006C9A22 /* 17.jpg */ = {isa = PBXFileReference; lastKnownFileType = image.jpeg; path = 17.jpg; sourceTree = "<group>"; };
		F1EC1AC91999FCAF006C9A22 /* 18.jpg */ = {isa = PBXFileReference; lastKnownFileType = image.jpeg; path = 18.jpg; sourceTree = "<group>"; };
		F1EC1ACA1999FCAF006C9A22 /* 19.jpg */ = {isa = PBXFileReference; lastKnownFileType = image.jpeg; path = 19.jpg; sourceTree = "<group>"; };
		F1EC1ACB1999FCAF006C9A22 /* 20.jpg */ = {isa = PBXFileReference; lastKnownFileType = image.jpeg; path = 20.jpg; sourceTree = "<group>"; };
		F1EC1ACC1999FCAF006C9A22 /* 21.jpg */ = {isa = PBXFileReference; lastKnownFileType = image.jpeg; path = 21.jpg; sourceTree = "<group>"; };
		F1EC1ACD1999FCAF006C9A22 /* 22.jpg */ = {isa = PBXFileReference; lastKnownFileType = image.jpeg; path = 22.jpg; sourceTree = "<group>"; };
		F1EC1AE51999FCF3006C9A22 /* WNMainViewController.h */ = {isa = PBXFileReference; fileEncoding = 4; lastKnownFileType = sourcecode.c.h; path = WNMainViewController.h; sourceTree = "<group>"; };
		F1EC1AE61999FCF3006C9A22 /* WNMainViewController.m */ = {isa = PBXFileReference; fileEncoding = 4; lastKnownFileType = sourcecode.c.objc; path = WNMainViewController.m; sourceTree = "<group>"; };
		F1EC1AE9199A055C006C9A22 /* WNTableViewCell.h */ = {isa = PBXFileReference; fileEncoding = 4; lastKnownFileType = sourcecode.c.h; path = WNTableViewCell.h; sourceTree = "<group>"; };
		F1EC1AEA199A055C006C9A22 /* WNTableViewCell.m */ = {isa = PBXFileReference; fileEncoding = 4; lastKnownFileType = sourcecode.c.objc; path = WNTableViewCell.m; sourceTree = "<group>"; };
		F1EC1AED199A05D4006C9A22 /* WNDataModel.h */ = {isa = PBXFileReference; fileEncoding = 4; lastKnownFileType = sourcecode.c.h; path = WNDataModel.h; sourceTree = "<group>"; };
		F1EC1AEE199A05D4006C9A22 /* WNDataModel.m */ = {isa = PBXFileReference; fileEncoding = 4; lastKnownFileType = sourcecode.c.objc; path = WNDataModel.m; sourceTree = "<group>"; };
		F1EC1AF0199A39D0006C9A22 /* WNPhotoViewController.h */ = {isa = PBXFileReference; fileEncoding = 4; lastKnownFileType = sourcecode.c.h; path = WNPhotoViewController.h; sourceTree = "<group>"; };
		F1EC1AF1199A39D0006C9A22 /* WNPhotoViewController.m */ = {isa = PBXFileReference; fileEncoding = 4; lastKnownFileType = sourcecode.c.objc; path = WNPhotoViewController.m; sourceTree = "<group>"; };
		F1EC1B72199CCF96006C9A22 /* WNCustomViewController.h */ = {isa = PBXFileReference; fileEncoding = 4; lastKnownFileType = sourcecode.c.h; path = WNCustomViewController.h; sourceTree = "<group>"; };
		F1EC1B73199CCF96006C9A22 /* WNCustomViewController.m */ = {isa = PBXFileReference; fileEncoding = 4; lastKnownFileType = sourcecode.c.objc; path = WNCustomViewController.m; sourceTree = "<group>"; };
/* End PBXFileReference section */

/* Begin PBXFrameworksBuildPhase section */
		F1EC1A821999FC40006C9A22 /* Frameworks */ = {
			isa = PBXFrameworksBuildPhase;
			buildActionMask = 2147483647;
			files = (
				F1EC1A8B1999FC40006C9A22 /* CoreGraphics.framework in Frameworks */,
				F1EC1A8D1999FC40006C9A22 /* UIKit.framework in Frameworks */,
				F1EC1A891999FC40006C9A22 /* Foundation.framework in Frameworks */,
			);
			runOnlyForDeploymentPostprocessing = 0;
		};
		F1EC1A9D1999FC41006C9A22 /* Frameworks */ = {
			isa = PBXFrameworksBuildPhase;
			buildActionMask = 2147483647;
			files = (
				F1EC1AA21999FC41006C9A22 /* XCTest.framework in Frameworks */,
				F1EC1AA41999FC41006C9A22 /* UIKit.framework in Frameworks */,
				F1EC1AA31999FC41006C9A22 /* Foundation.framework in Frameworks */,
			);
			runOnlyForDeploymentPostprocessing = 0;
		};
/* End PBXFrameworksBuildPhase section */

/* Begin PBXGroup section */
		F1EC1A7C1999FC40006C9A22 = {
			isa = PBXGroup;
			children = (
				F1EC1A8E1999FC40006C9A22 /* iOSBasicMidTerm */,
				F1EC1AA71999FC41006C9A22 /* iOSBasicMidTermTests */,
				F1EC1A871999FC40006C9A22 /* Frameworks */,
				F1EC1A861999FC40006C9A22 /* Products */,
			);
			sourceTree = "<group>";
		};
		F1EC1A861999FC40006C9A22 /* Products */ = {
			isa = PBXGroup;
			children = (
				F1EC1A851999FC40006C9A22 /* iOSBasicMidTerm.app */,
				F1EC1AA01999FC41006C9A22 /* iOSBasicMidTermTests.xctest */,
			);
			name = Products;
			sourceTree = "<group>";
		};
		F1EC1A871999FC40006C9A22 /* Frameworks */ = {
			isa = PBXGroup;
			children = (
				F1EC1A881999FC40006C9A22 /* Foundation.framework */,
				F1EC1A8A1999FC40006C9A22 /* CoreGraphics.framework */,
				F1EC1A8C1999FC40006C9A22 /* UIKit.framework */,
				F1EC1AA11999FC41006C9A22 /* XCTest.framework */,
			);
			name = Frameworks;
			sourceTree = "<group>";
		};
		F1EC1A8E1999FC40006C9A22 /* iOSBasicMidTerm */ = {
			isa = PBXGroup;
			children = (
				F1EC1AE41999FCE4006C9A22 /* Controller */,
				F1EC1AEC199A05C7006C9A22 /* Model */,
				F1EC1AE8199A0546006C9A22 /* View */,
				F1EC1AB71999FC9C006C9A22 /* Images */,
				F1EC1A971999FC40006C9A22 /* WNAppDelegate.h */,
				F1EC1A981999FC40006C9A22 /* WNAppDelegate.m */,
				F1EC1A9A1999FC40006C9A22 /* Images.xcassets */,
				F1EC1A8F1999FC40006C9A22 /* Supporting Files */,
			);
			path = iOSBasicMidTerm;
			sourceTree = "<group>";
		};
		F1EC1A8F1999FC40006C9A22 /* Supporting Files */ = {
			isa = PBXGroup;
			children = (
				F1EC1A901999FC40006C9A22 /* iOSBasicMidTerm-Info.plist */,
				F1EC1A911999FC40006C9A22 /* InfoPlist.strings */,
				F1EC1A941999FC40006C9A22 /* main.m */,
				F1EC1A961999FC40006C9A22 /* iOSBasicMidTerm-Prefix.pch */,
			);
			name = "Supporting Files";
			sourceTree = "<group>";
		};
		F1EC1AA71999FC41006C9A22 /* iOSBasicMidTermTests */ = {
			isa = PBXGroup;
			children = (
				F1EC1AAD1999FC41006C9A22 /* iOSBasicMidTermTests.m */,
				F1EC1AA81999FC41006C9A22 /* Supporting Files */,
			);
			path = iOSBasicMidTermTests;
			sourceTree = "<group>";
		};
		F1EC1AA81999FC41006C9A22 /* Supporting Files */ = {
			isa = PBXGroup;
			children = (
				F1EC1AA91999FC41006C9A22 /* iOSBasicMidTermTests-Info.plist */,
				F1EC1AAA1999FC41006C9A22 /* InfoPlist.strings */,
			);
			name = "Supporting Files";
			sourceTree = "<group>";
		};
		F1EC1AB71999FC9C006C9A22 /* Images */ = {
			isa = PBXGroup;
			children = (
				F1EC1AB81999FCAF006C9A22 /* 01.jpg */,
				F1EC1AB91999FCAF006C9A22 /* 02.jpg */,
				F1EC1ABA1999FCAF006C9A22 /* 03.jpg */,
				F1EC1ABB1999FCAF006C9A22 /* 04.jpg */,
				F1EC1ABC1999FCAF006C9A22 /* 05.jpg */,
				F1EC1ABD1999FCAF006C9A22 /* 06.jpg */,
				F1EC1ABE1999FCAF006C9A22 /* 07.jpg */,
				F1EC1ABF1999FCAF006C9A22 /* 08.jpg */,
				F1EC1AC01999FCAF006C9A22 /* 09.jpg */,
				F1EC1AC11999FCAF006C9A22 /* 10.jpg */,
				F1EC1AC21999FCAF006C9A22 /* 11.jpg */,
				F1EC1AC31999FCAF006C9A22 /* 12.jpg */,
				F1EC1AC41999FCAF006C9A22 /* 13.jpg */,
				F1EC1AC51999FCAF006C9A22 /* 14.jpg */,
				F1EC1AC61999FCAF006C9A22 /* 15.jpg */,
				F1EC1AC71999FCAF006C9A22 /* 16.jpg */,
				F1EC1AC81999FCAF006C9A22 /* 17.jpg */,
				F1EC1AC91999FCAF006C9A22 /* 18.jpg */,
				F1EC1ACA1999FCAF006C9A22 /* 19.jpg */,
				F1EC1ACB1999FCAF006C9A22 /* 20.jpg */,
				F1EC1ACC1999FCAF006C9A22 /* 21.jpg */,
				F1EC1ACD1999FCAF006C9A22 /* 22.jpg */,
			);
			name = Images;
			sourceTree = "<group>";
		};
		F1EC1AE41999FCE4006C9A22 /* Controller */ = {
			isa = PBXGroup;
			children = (
				F1EC1AE51999FCF3006C9A22 /* WNMainViewController.h */,
				F1EC1AE61999FCF3006C9A22 /* WNMainViewController.m */,
				F1EC1AF0199A39D0006C9A22 /* WNPhotoViewController.h */,
				F1EC1AF1199A39D0006C9A22 /* WNPhotoViewController.m */,
				F1EC1B72199CCF96006C9A22 /* WNCustomViewController.h */,
				F1EC1B73199CCF96006C9A22 /* WNCustomViewController.m */,
			);
			name = Controller;
			sourceTree = "<group>";
		};
		F1EC1AE8199A0546006C9A22 /* View */ = {
			isa = PBXGroup;
			children = (
				F1EC1AE9199A055C006C9A22 /* WNTableViewCell.h */,
				F1EC1AEA199A055C006C9A22 /* WNTableViewCell.m */,
			);
			name = View;
			sourceTree = "<group>";
		};
		F1EC1AEC199A05C7006C9A22 /* Model */ = {
			isa = PBXGroup;
			children = (
				F1EC1AED199A05D4006C9A22 /* WNDataModel.h */,
				F1EC1AEE199A05D4006C9A22 /* WNDataModel.m */,
			);
			name = Model;
			sourceTree = "<group>";
		};
/* End PBXGroup section */

/* Begin PBXNativeTarget section */
		F1EC1A841999FC40006C9A22 /* iOSBasicMidTerm */ = {
			isa = PBXNativeTarget;
			buildConfigurationList = F1EC1AB11999FC41006C9A22 /* Build configuration list for PBXNativeTarget "iOSBasicMidTerm" */;
			buildPhases = (
				F1EC1A811999FC40006C9A22 /* Sources */,
				F1EC1A821999FC40006C9A22 /* Frameworks */,
				F1EC1A831999FC40006C9A22 /* Resources */,
			);
			buildRules = (
			);
			dependencies = (
			);
			name = iOSBasicMidTerm;
			productName = iOSBasicMidTerm;
			productReference = F1EC1A851999FC40006C9A22 /* iOSBasicMidTerm.app */;
			productType = "com.apple.product-type.application";
		};
		F1EC1A9F1999FC41006C9A22 /* iOSBasicMidTermTests */ = {
			isa = PBXNativeTarget;
			buildConfigurationList = F1EC1AB41999FC41006C9A22 /* Build configuration list for PBXNativeTarget "iOSBasicMidTermTests" */;
			buildPhases = (
				F1EC1A9C1999FC41006C9A22 /* Sources */,
				F1EC1A9D1999FC41006C9A22 /* Frameworks */,
				F1EC1A9E1999FC41006C9A22 /* Resources */,
			);
			buildRules = (
			);
			dependencies = (
				F1EC1AA61999FC41006C9A22 /* PBXTargetDependency */,
			);
			name = iOSBasicMidTermTests;
			productName = iOSBasicMidTermTests;
			productReference = F1EC1AA01999FC41006C9A22 /* iOSBasicMidTermTests.xctest */;
			productType = "com.apple.product-type.bundle.unit-test";
		};
/* End PBXNativeTarget section */

/* Begin PBXProject section */
		F1EC1A7D1999FC40006C9A22 /* Project object */ = {
			isa = PBXProject;
			attributes = {
				CLASSPREFIX = WN;
				LastUpgradeCheck = 0510;
				ORGANIZATIONNAME = Woonohyo;
				TargetAttributes = {
					F1EC1A9F1999FC41006C9A22 = {
						TestTargetID = F1EC1A841999FC40006C9A22;
					};
				};
			};
			buildConfigurationList = F1EC1A801999FC40006C9A22 /* Build configuration list for PBXProject "iOSBasicMidTerm" */;
			compatibilityVersion = "Xcode 3.2";
			developmentRegion = English;
			hasScannedForEncodings = 0;
			knownRegions = (
				en,
			);
			mainGroup = F1EC1A7C1999FC40006C9A22;
			productRefGroup = F1EC1A861999FC40006C9A22 /* Products */;
			projectDirPath = "";
			projectRoot = "";
			targets = (
				F1EC1A841999FC40006C9A22 /* iOSBasicMidTerm */,
				F1EC1A9F1999FC41006C9A22 /* iOSBasicMidTermTests */,
			);
		};
/* End PBXProject section */

/* Begin PBXResourcesBuildPhase section */
		F1EC1A831999FC40006C9A22 /* Resources */ = {
			isa = PBXResourcesBuildPhase;
			buildActionMask = 2147483647;
			files = (
				F1EC1AD81999FCAF006C9A22 /* 11.jpg in Resources */,
				F1EC1AD01999FCAF006C9A22 /* 03.jpg in Resources */,
				F1EC1AD91999FCAF006C9A22 /* 12.jpg in Resources */,
				F1EC1AD21999FCAF006C9A22 /* 05.jpg in Resources */,
				F1EC1AD41999FCAF006C9A22 /* 07.jpg in Resources */,
				F1EC1A931999FC40006C9A22 /* InfoPlist.strings in Resources */,
				F1EC1AD31999FCAF006C9A22 /* 06.jpg in Resources */,
				F1EC1ADE1999FCAF006C9A22 /* 17.jpg in Resources */,
				F1EC1AD51999FCAF006C9A22 /* 08.jpg in Resources */,
				F1EC1AE31999FCAF006C9A22 /* 22.jpg in Resources */,
				F1EC1A9B1999FC40006C9A22 /* Images.xcassets in Resources */,
				F1EC1ADF1999FCAF006C9A22 /* 18.jpg in Resources */,
				F1EC1ACE1999FCAF006C9A22 /* 01.jpg in Resources */,
				F1EC1ADB1999FCAF006C9A22 /* 14.jpg in Resources */,
				F1EC1AE21999FCAF006C9A22 /* 21.jpg in Resources */,
				F1EC1AE11999FCAF006C9A22 /* 20.jpg in Resources */,
				F1EC1ADC1999FCAF006C9A22 /* 15.jpg in Resources */,
				F1EC1ADA1999FCAF006C9A22 /* 13.jpg in Resources */,
				F1EC1ACF1999FCAF006C9A22 /* 02.jpg in Resources */,
				F1EC1AE01999FCAF006C9A22 /* 19.jpg in Resources */,
				F1EC1AD11999FCAF006C9A22 /* 04.jpg in Resources */,
				F1EC1AD71999FCAF006C9A22 /* 10.jpg in Resources */,
				F1EC1ADD1999FCAF006C9A22 /* 16.jpg in Resources */,
				F1EC1AD61999FCAF006C9A22 /* 09.jpg in Resources */,
			);
			runOnlyForDeploymentPostprocessing = 0;
		};
		F1EC1A9E1999FC41006C9A22 /* Resources */ = {
			isa = PBXResourcesBuildPhase;
			buildActionMask = 2147483647;
			files = (
				F1EC1AAC1999FC41006C9A22 /* InfoPlist.strings in Resources */,
			);
			runOnlyForDeploymentPostprocessing = 0;
		};
/* End PBXResourcesBuildPhase section */

/* Begin PBXSourcesBuildPhase section */
		F1EC1A811999FC40006C9A22 /* Sources */ = {
			isa = PBXSourcesBuildPhase;
			buildActionMask = 2147483647;
			files = (
				F1EC1B74199CCF96006C9A22 /* WNCustomViewController.m in Sources */,
				F1EC1AEB199A055C006C9A22 /* WNTableViewCell.m in Sources */,
				F1EC1A951999FC40006C9A22 /* main.m in Sources */,
				F1EC1AEF199A05D4006C9A22 /* WNDataModel.m in Sources */,
				F1EC1A991999FC40006C9A22 /* WNAppDelegate.m in Sources */,
				F1EC1AF2199A39D0006C9A22 /* WNPhotoViewController.m in Sources */,
				F1EC1AE71999FCF3006C9A22 /* WNMainViewController.m in Sources */,
			);
			runOnlyForDeploymentPostprocessing = 0;
		};
		F1EC1A9C1999FC41006C9A22 /* Sources */ = {
			isa = PBXSourcesBuildPhase;
			buildActionMask = 2147483647;
			files = (
				F1EC1AAE1999FC41006C9A22 /* iOSBasicMidTermTests.m in Sources */,
			);
			runOnlyForDeploymentPostprocessing = 0;
		};
/* End PBXSourcesBuildPhase section */

/* Begin PBXTargetDependency section */
		F1EC1AA61999FC41006C9A22 /* PBXTargetDependency */ = {
			isa = PBXTargetDependency;
			target = F1EC1A841999FC40006C9A22 /* iOSBasicMidTerm */;
			targetProxy = F1EC1AA51999FC41006C9A22 /* PBXContainerItemProxy */;
		};
/* End PBXTargetDependency section */

/* Begin PBXVariantGroup section */
		F1EC1A911999FC40006C9A22 /* InfoPlist.strings */ = {
			isa = PBXVariantGroup;
			children = (
				F1EC1A921999FC40006C9A22 /* en */,
			);
			name = InfoPlist.strings;
			sourceTree = "<group>";
		};
		F1EC1AAA1999FC41006C9A22 /* InfoPlist.strings */ = {
			isa = PBXVariantGroup;
			children = (
				F1EC1AAB1999FC41006C9A22 /* en */,
			);
			name = InfoPlist.strings;
			sourceTree = "<group>";
		};
/* End PBXVariantGroup section */

/* Begin XCBuildConfiguration section */
		F1EC1AAF1999FC41006C9A22 /* Debug */ = {
			isa = XCBuildConfiguration;
			buildSettings = {
				ALWAYS_SEARCH_USER_PATHS = NO;
				CLANG_CXX_LANGUAGE_STANDARD = "gnu++0x";
				CLANG_CXX_LIBRARY = "libc++";
				CLANG_ENABLE_MODULES = YES;
				CLANG_ENABLE_OBJC_ARC = YES;
				CLANG_WARN_BOOL_CONVERSION = YES;
				CLANG_WARN_CONSTANT_CONVERSION = YES;
				CLANG_WARN_DIRECT_OBJC_ISA_USAGE = YES_ERROR;
				CLANG_WARN_EMPTY_BODY = YES;
				CLANG_WARN_ENUM_CONVERSION = YES;
				CLANG_WARN_INT_CONVERSION = YES;
				CLANG_WARN_OBJC_ROOT_CLASS = YES_ERROR;
				CLANG_WARN__DUPLICATE_METHOD_MATCH = YES;
				"CODE_SIGN_IDENTITY[sdk=iphoneos*]" = "iPhone Developer";
				COPY_PHASE_STRIP = NO;
				GCC_C_LANGUAGE_STANDARD = gnu99;
				GCC_DYNAMIC_NO_PIC = NO;
				GCC_OPTIMIZATION_LEVEL = 0;
				GCC_PREPROCESSOR_DEFINITIONS = (
					"DEBUG=1",
					"$(inherited)",
				);
				GCC_SYMBOLS_PRIVATE_EXTERN = NO;
				GCC_WARN_64_TO_32_BIT_CONVERSION = YES;
				GCC_WARN_ABOUT_RETURN_TYPE = YES_ERROR;
				GCC_WARN_UNDECLARED_SELECTOR = YES;
				GCC_WARN_UNINITIALIZED_AUTOS = YES_AGGRESSIVE;
				GCC_WARN_UNUSED_FUNCTION = YES;
				GCC_WARN_UNUSED_VARIABLE = YES;
				IPHONEOS_DEPLOYMENT_TARGET = 7.1;
				ONLY_ACTIVE_ARCH = YES;
				SDKROOT = iphoneos;
			};
			name = Debug;
		};
		F1EC1AB01999FC41006C9A22 /* Release */ = {
			isa = XCBuildConfiguration;
			buildSettings = {
				ALWAYS_SEARCH_USER_PATHS = NO;
				CLANG_CXX_LANGUAGE_STANDARD = "gnu++0x";
				CLANG_CXX_LIBRARY = "libc++";
				CLANG_ENABLE_MODULES = YES;
				CLANG_ENABLE_OBJC_ARC = YES;
				CLANG_WARN_BOOL_CONVERSION = YES;
				CLANG_WARN_CONSTANT_CONVERSION = YES;
				CLANG_WARN_DIRECT_OBJC_ISA_USAGE = YES_ERROR;
				CLANG_WARN_EMPTY_BODY = YES;
				CLANG_WARN_ENUM_CONVERSION = YES;
				CLANG_WARN_INT_CONVERSION = YES;
				CLANG_WARN_OBJC_ROOT_CLASS = YES_ERROR;
				CLANG_WARN__DUPLICATE_METHOD_MATCH = YES;
				"CODE_SIGN_IDENTITY[sdk=iphoneos*]" = "iPhone Developer";
				COPY_PHASE_STRIP = YES;
				ENABLE_NS_ASSERTIONS = NO;
				GCC_C_LANGUAGE_STANDARD = gnu99;
				GCC_WARN_64_TO_32_BIT_CONVERSION = YES;
				GCC_WARN_ABOUT_RETURN_TYPE = YES_ERROR;
				GCC_WARN_UNDECLARED_SELECTOR = YES;
				GCC_WARN_UNINITIALIZED_AUTOS = YES_AGGRESSIVE;
				GCC_WARN_UNUSED_FUNCTION = YES;
				GCC_WARN_UNUSED_VARIABLE = YES;
				IPHONEOS_DEPLOYMENT_TARGET = 7.1;
				SDKROOT = iphoneos;
				VALIDATE_PRODUCT = YES;
			};
			name = Release;
		};
		F1EC1AB21999FC41006C9A22 /* Debug */ = {
			isa = XCBuildConfiguration;
			buildSettings = {
				ASSETCATALOG_COMPILER_APPICON_NAME = AppIcon;
				ASSETCATALOG_COMPILER_LAUNCHIMAGE_NAME = LaunchImage;
				GCC_PRECOMPILE_PREFIX_HEADER = YES;
				GCC_PREFIX_HEADER = "iOSBasicMidTerm/iOSBasicMidTerm-Prefix.pch";
				INFOPLIST_FILE = "iOSBasicMidTerm/iOSBasicMidTerm-Info.plist";
				PRODUCT_NAME = "$(TARGET_NAME)";
				WRAPPER_EXTENSION = app;
			};
			name = Debug;
		};
		F1EC1AB31999FC41006C9A22 /* Release */ = {
			isa = XCBuildConfiguration;
			buildSettings = {
				ASSETCATALOG_COMPILER_APPICON_NAME = AppIcon;
				ASSETCATALOG_COMPILER_LAUNCHIMAGE_NAME = LaunchImage;
				GCC_PRECOMPILE_PREFIX_HEADER = YES;
				GCC_PREFIX_HEADER = "iOSBasicMidTerm/iOSBasicMidTerm-Prefix.pch";
				INFOPLIST_FILE = "iOSBasicMidTerm/iOSBasicMidTerm-Info.plist";
				PRODUCT_NAME = "$(TARGET_NAME)";
				WRAPPER_EXTENSION = app;
			};
			name = Release;
		};
		F1EC1AB51999FC41006C9A22 /* Debug */ = {
			isa = XCBuildConfiguration;
			buildSettings = {
				BUNDLE_LOADER = "$(BUILT_PRODUCTS_DIR)/iOSBasicMidTerm.app/iOSBasicMidTerm";
				FRAMEWORK_SEARCH_PATHS = (
					"$(SDKROOT)/Developer/Library/Frameworks",
					"$(inherited)",
					"$(DEVELOPER_FRAMEWORKS_DIR)",
				);
				GCC_PRECOMPILE_PREFIX_HEADER = YES;
				GCC_PREFIX_HEADER = "iOSBasicMidTerm/iOSBasicMidTerm-Prefix.pch";
				GCC_PREPROCESSOR_DEFINITIONS = (
					"DEBUG=1",
					"$(inherited)",
				);
				INFOPLIST_FILE = "iOSBasicMidTermTests/iOSBasicMidTermTests-Info.plist";
				PRODUCT_NAME = "$(TARGET_NAME)";
				TEST_HOST = "$(BUNDLE_LOADER)";
				WRAPPER_EXTENSION = xctest;
			};
			name = Debug;
		};
		F1EC1AB61999FC41006C9A22 /* Release */ = {
			isa = XCBuildConfiguration;
			buildSettings = {
				BUNDLE_LOADER = "$(BUILT_PRODUCTS_DIR)/iOSBasicMidTerm.app/iOSBasicMidTerm";
				FRAMEWORK_SEARCH_PATHS = (
					"$(SDKROOT)/Developer/Library/Frameworks",
					"$(inherited)",
					"$(DEVELOPER_FRAMEWORKS_DIR)",
				);
				GCC_PRECOMPILE_PREFIX_HEADER = YES;
				GCC_PREFIX_HEADER = "iOSBasicMidTerm/iOSBasicMidTerm-Prefix.pch";
				INFOPLIST_FILE = "iOSBasicMidTermTests/iOSBasicMidTermTests-Info.plist";
				PRODUCT_NAME = "$(TARGET_NAME)";
				TEST_HOST = "$(BUNDLE_LOADER)";
				WRAPPER_EXTENSION = xctest;
			};
			name = Release;
		};
/* End XCBuildConfiguration section */

/* Begin XCConfigurationList section */
		F1EC1A801999FC40006C9A22 /* Build configuration list for PBXProject "iOSBasicMidTerm" */ = {
			isa = XCConfigurationList;
			buildConfigurations = (
				F1EC1AAF1999FC41006C9A22 /* Debug */,
				F1EC1AB01999FC41006C9A22 /* Release */,
			);
			defaultConfigurationIsVisible = 0;
			defaultConfigurationName = Release;
		};
		F1EC1AB11999FC41006C9A22 /* Build configuration list for PBXNativeTarget "iOSBasicMidTerm" */ = {
			isa = XCConfigurationList;
			buildConfigurations = (
				F1EC1AB21999FC41006C9A22 /* Debug */,
				F1EC1AB31999FC41006C9A22 /* Release */,
			);
			defaultConfigurationIsVisible = 0;
		};
		F1EC1AB41999FC41006C9A22 /* Build configuration list for PBXNativeTarget "iOSBasicMidTermTests" */ = {
			isa = XCConfigurationList;
			buildConfigurations = (
				F1EC1AB51999FC41006C9A22 /* Debug */,
				F1EC1AB61999FC41006C9A22 /* Release */,
			);
			defaultConfigurationIsVisible = 0;
		};
/* End XCConfigurationList section */
	};
	rootObject = F1EC1A7D1999FC40006C9A22 /* Project object */;
}
