// !$*UTF8*$!
{
	archiveVersion = 1;
	classes = {
	};
	objectVersion = 46;
	objects = {

/* Begin PBXBuildFile section */
		F1C6722019A5D05000A319D3 /* Foundation.framework in Frameworks */ = {isa = PBXBuildFile; fileRef = F1C6721F19A5D05000A319D3 /* Foundation.framework */; };
		F1C6722219A5D05000A319D3 /* CoreGraphics.framework in Frameworks */ = {isa = PBXBuildFile; fileRef = F1C6722119A5D05000A319D3 /* CoreGraphics.framework */; };
		F1C6722419A5D05000A319D3 /* UIKit.framework in Frameworks */ = {isa = PBXBuildFile; fileRef = F1C6722319A5D05000A319D3 /* UIKit.framework */; };
		F1C6722A19A5D05000A319D3 /* InfoPlist.strings in Resources */ = {isa = PBXBuildFile; fileRef = F1C6722819A5D05000A319D3 /* InfoPlist.strings */; };
		F1C6722C19A5D05000A319D3 /* main.m in Sources */ = {isa = PBXBuildFile; fileRef = F1C6722B19A5D05000A319D3 /* main.m */; };
		F1C6723019A5D05000A319D3 /* WNAppDelegate.m in Sources */ = {isa = PBXBuildFile; fileRef = F1C6722F19A5D05000A319D3 /* WNAppDelegate.m */; };
		F1C6723319A5D05000A319D3 /* Main.storyboard in Resources */ = {isa = PBXBuildFile; fileRef = F1C6723119A5D05000A319D3 /* Main.storyboard */; };
		F1C6723619A5D05000A319D3 /* WNMasterViewController.m in Sources */ = {isa = PBXBuildFile; fileRef = F1C6723519A5D05000A319D3 /* WNMasterViewController.m */; };
		F1C6723919A5D05000A319D3 /* WNDetailViewController.m in Sources */ = {isa = PBXBuildFile; fileRef = F1C6723819A5D05000A319D3 /* WNDetailViewController.m */; };
		F1C6723B19A5D05000A319D3 /* Images.xcassets in Resources */ = {isa = PBXBuildFile; fileRef = F1C6723A19A5D05000A319D3 /* Images.xcassets */; };
		F1C6724219A5D05000A319D3 /* XCTest.framework in Frameworks */ = {isa = PBXBuildFile; fileRef = F1C6724119A5D05000A319D3 /* XCTest.framework */; };
		F1C6724319A5D05000A319D3 /* Foundation.framework in Frameworks */ = {isa = PBXBuildFile; fileRef = F1C6721F19A5D05000A319D3 /* Foundation.framework */; };
		F1C6724419A5D05000A319D3 /* UIKit.framework in Frameworks */ = {isa = PBXBuildFile; fileRef = F1C6722319A5D05000A319D3 /* UIKit.framework */; };
		F1C6724C19A5D05000A319D3 /* InfoPlist.strings in Resources */ = {isa = PBXBuildFile; fileRef = F1C6724A19A5D05000A319D3 /* InfoPlist.strings */; };
		F1C6724E19A5D05000A319D3 /* iOSBasicSocketTests.m in Sources */ = {isa = PBXBuildFile; fileRef = F1C6724D19A5D05000A319D3 /* iOSBasicSocketTests.m */; };
		F1C6725C19A5D99600A319D3 /* NSNumber+Network.m in Sources */ = {isa = PBXBuildFile; fileRef = F1C6725B19A5D99600A319D3 /* NSNumber+Network.m */; };
/* End PBXBuildFile section */

/* Begin PBXContainerItemProxy section */
		F1C6724519A5D05000A319D3 /* PBXContainerItemProxy */ = {
			isa = PBXContainerItemProxy;
			containerPortal = F1C6721419A5D05000A319D3 /* Project object */;
			proxyType = 1;
			remoteGlobalIDString = F1C6721B19A5D05000A319D3;
			remoteInfo = iOSBasicSocket;
		};
/* End PBXContainerItemProxy section */

/* Begin PBXFileReference section */
		F1C6721C19A5D05000A319D3 /* iOSBasicSocket.app */ = {isa = PBXFileReference; explicitFileType = wrapper.application; includeInIndex = 0; path = iOSBasicSocket.app; sourceTree = BUILT_PRODUCTS_DIR; };
		F1C6721F19A5D05000A319D3 /* Foundation.framework */ = {isa = PBXFileReference; lastKnownFileType = wrapper.framework; name = Foundation.framework; path = System/Library/Frameworks/Foundation.framework; sourceTree = SDKROOT; };
		F1C6722119A5D05000A319D3 /* CoreGraphics.framework */ = {isa = PBXFileReference; lastKnownFileType = wrapper.framework; name = CoreGraphics.framework; path = System/Library/Frameworks/CoreGraphics.framework; sourceTree = SDKROOT; };
		F1C6722319A5D05000A319D3 /* UIKit.framework */ = {isa = PBXFileReference; lastKnownFileType = wrapper.framework; name = UIKit.framework; path = System/Library/Frameworks/UIKit.framework; sourceTree = SDKROOT; };
		F1C6722719A5D05000A319D3 /* iOSBasicSocket-Info.plist */ = {isa = PBXFileReference; lastKnownFileType = text.plist.xml; path = "iOSBasicSocket-Info.plist"; sourceTree = "<group>"; };
		F1C6722919A5D05000A319D3 /* en */ = {isa = PBXFileReference; lastKnownFileType = text.plist.strings; name = en; path = en.lproj/InfoPlist.strings; sourceTree = "<group>"; };
		F1C6722B19A5D05000A319D3 /* main.m */ = {isa = PBXFileReference; lastKnownFileType = sourcecode.c.objc; path = main.m; sourceTree = "<group>"; };
		F1C6722D19A5D05000A319D3 /* iOSBasicSocket-Prefix.pch */ = {isa = PBXFileReference; lastKnownFileType = sourcecode.c.h; path = "iOSBasicSocket-Prefix.pch"; sourceTree = "<group>"; };
		F1C6722E19A5D05000A319D3 /* WNAppDelegate.h */ = {isa = PBXFileReference; lastKnownFileType = sourcecode.c.h; path = WNAppDelegate.h; sourceTree = "<group>"; };
		F1C6722F19A5D05000A319D3 /* WNAppDelegate.m */ = {isa = PBXFileReference; lastKnownFileType = sourcecode.c.objc; path = WNAppDelegate.m; sourceTree = "<group>"; };
		F1C6723219A5D05000A319D3 /* Base */ = {isa = PBXFileReference; lastKnownFileType = file.storyboard; name = Base; path = Base.lproj/Main.storyboard; sourceTree = "<group>"; };
		F1C6723419A5D05000A319D3 /* WNMasterViewController.h */ = {isa = PBXFileReference; lastKnownFileType = sourcecode.c.h; path = WNMasterViewController.h; sourceTree = "<group>"; };
		F1C6723519A5D05000A319D3 /* WNMasterViewController.m */ = {isa = PBXFileReference; lastKnownFileType = sourcecode.c.objc; path = WNMasterViewController.m; sourceTree = "<group>"; };
		F1C6723719A5D05000A319D3 /* WNDetailViewController.h */ = {isa = PBXFileReference; lastKnownFileType = sourcecode.c.h; path = WNDetailViewController.h; sourceTree = "<group>"; };
		F1C6723819A5D05000A319D3 /* WNDetailViewController.m */ = {isa = PBXFileReference; lastKnownFileType = sourcecode.c.objc; path = WNDetailViewController.m; sourceTree = "<group>"; };
		F1C6723A19A5D05000A319D3 /* Images.xcassets */ = {isa = PBXFileReference; lastKnownFileType = folder.assetcatalog; path = Images.xcassets; sourceTree = "<group>"; };
		F1C6724019A5D05000A319D3 /* iOSBasicSocketTests.xctest */ = {isa = PBXFileReference; explicitFileType = wrapper.cfbundle; includeInIndex = 0; path = iOSBasicSocketTests.xctest; sourceTree = BUILT_PRODUCTS_DIR; };
		F1C6724119A5D05000A319D3 /* XCTest.framework */ = {isa = PBXFileReference; lastKnownFileType = wrapper.framework; name = XCTest.framework; path = Library/Frameworks/XCTest.framework; sourceTree = DEVELOPER_DIR; };
		F1C6724919A5D05000A319D3 /* iOSBasicSocketTests-Info.plist */ = {isa = PBXFileReference; lastKnownFileType = text.plist.xml; path = "iOSBasicSocketTests-Info.plist"; sourceTree = "<group>"; };
		F1C6724B19A5D05000A319D3 /* en */ = {isa = PBXFileReference; lastKnownFileType = text.plist.strings; name = en; path = en.lproj/InfoPlist.strings; sourceTree = "<group>"; };
		F1C6724D19A5D05000A319D3 /* iOSBasicSocketTests.m */ = {isa = PBXFileReference; lastKnownFileType = sourcecode.c.objc; path = iOSBasicSocketTests.m; sourceTree = "<group>"; };
		F1C6725A19A5D99600A319D3 /* NSNumber+Network.h */ = {isa = PBXFileReference; fileEncoding = 4; lastKnownFileType = sourcecode.c.h; path = "NSNumber+Network.h"; sourceTree = "<group>"; };
		F1C6725B19A5D99600A319D3 /* NSNumber+Network.m */ = {isa = PBXFileReference; fileEncoding = 4; lastKnownFileType = sourcecode.c.objc; path = "NSNumber+Network.m"; sourceTree = "<group>"; };
/* End PBXFileReference section */

/* Begin PBXFrameworksBuildPhase section */
		F1C6721919A5D05000A319D3 /* Frameworks */ = {
			isa = PBXFrameworksBuildPhase;
			buildActionMask = 2147483647;
			files = (
				F1C6722219A5D05000A319D3 /* CoreGraphics.framework in Frameworks */,
				F1C6722419A5D05000A319D3 /* UIKit.framework in Frameworks */,
				F1C6722019A5D05000A319D3 /* Foundation.framework in Frameworks */,
			);
			runOnlyForDeploymentPostprocessing = 0;
		};
		F1C6723D19A5D05000A319D3 /* Frameworks */ = {
			isa = PBXFrameworksBuildPhase;
			buildActionMask = 2147483647;
			files = (
				F1C6724219A5D05000A319D3 /* XCTest.framework in Frameworks */,
				F1C6724419A5D05000A319D3 /* UIKit.framework in Frameworks */,
				F1C6724319A5D05000A319D3 /* Foundation.framework in Frameworks */,
			);
			runOnlyForDeploymentPostprocessing = 0;
		};
/* End PBXFrameworksBuildPhase section */

/* Begin PBXGroup section */
		F1C6721319A5D05000A319D3 = {
			isa = PBXGroup;
			children = (
				F1C6725A19A5D99600A319D3 /* NSNumber+Network.h */,
				F1C6725B19A5D99600A319D3 /* NSNumber+Network.m */,
				F1C6722519A5D05000A319D3 /* iOSBasicSocket */,
				F1C6724719A5D05000A319D3 /* iOSBasicSocketTests */,
				F1C6721E19A5D05000A319D3 /* Frameworks */,
				F1C6721D19A5D05000A319D3 /* Products */,
			);
			sourceTree = "<group>";
		};
		F1C6721D19A5D05000A319D3 /* Products */ = {
			isa = PBXGroup;
			children = (
				F1C6721C19A5D05000A319D3 /* iOSBasicSocket.app */,
				F1C6724019A5D05000A319D3 /* iOSBasicSocketTests.xctest */,
			);
			name = Products;
			sourceTree = "<group>";
		};
		F1C6721E19A5D05000A319D3 /* Frameworks */ = {
			isa = PBXGroup;
			children = (
				F1C6721F19A5D05000A319D3 /* Foundation.framework */,
				F1C6722119A5D05000A319D3 /* CoreGraphics.framework */,
				F1C6722319A5D05000A319D3 /* UIKit.framework */,
				F1C6724119A5D05000A319D3 /* XCTest.framework */,
			);
			name = Frameworks;
			sourceTree = "<group>";
		};
		F1C6722519A5D05000A319D3 /* iOSBasicSocket */ = {
			isa = PBXGroup;
			children = (
				F1C6722E19A5D05000A319D3 /* WNAppDelegate.h */,
				F1C6722F19A5D05000A319D3 /* WNAppDelegate.m */,
				F1C6723119A5D05000A319D3 /* Main.storyboard */,
				F1C6723419A5D05000A319D3 /* WNMasterViewController.h */,
				F1C6723519A5D05000A319D3 /* WNMasterViewController.m */,
				F1C6723719A5D05000A319D3 /* WNDetailViewController.h */,
				F1C6723819A5D05000A319D3 /* WNDetailViewController.m */,
				F1C6723A19A5D05000A319D3 /* Images.xcassets */,
				F1C6722619A5D05000A319D3 /* Supporting Files */,
			);
			path = iOSBasicSocket;
			sourceTree = "<group>";
		};
		F1C6722619A5D05000A319D3 /* Supporting Files */ = {
			isa = PBXGroup;
			children = (
				F1C6722719A5D05000A319D3 /* iOSBasicSocket-Info.plist */,
				F1C6722819A5D05000A319D3 /* InfoPlist.strings */,
				F1C6722B19A5D05000A319D3 /* main.m */,
				F1C6722D19A5D05000A319D3 /* iOSBasicSocket-Prefix.pch */,
			);
			name = "Supporting Files";
			sourceTree = "<group>";
		};
		F1C6724719A5D05000A319D3 /* iOSBasicSocketTests */ = {
			isa = PBXGroup;
			children = (
				F1C6724D19A5D05000A319D3 /* iOSBasicSocketTests.m */,
				F1C6724819A5D05000A319D3 /* Supporting Files */,
			);
			path = iOSBasicSocketTests;
			sourceTree = "<group>";
		};
		F1C6724819A5D05000A319D3 /* Supporting Files */ = {
			isa = PBXGroup;
			children = (
				F1C6724919A5D05000A319D3 /* iOSBasicSocketTests-Info.plist */,
				F1C6724A19A5D05000A319D3 /* InfoPlist.strings */,
			);
			name = "Supporting Files";
			sourceTree = "<group>";
		};
/* End PBXGroup section */

/* Begin PBXNativeTarget section */
		F1C6721B19A5D05000A319D3 /* iOSBasicSocket */ = {
			isa = PBXNativeTarget;
			buildConfigurationList = F1C6725119A5D05000A319D3 /* Build configuration list for PBXNativeTarget "iOSBasicSocket" */;
			buildPhases = (
				F1C6721819A5D05000A319D3 /* Sources */,
				F1C6721919A5D05000A319D3 /* Frameworks */,
				F1C6721A19A5D05000A319D3 /* Resources */,
			);
			buildRules = (
			);
			dependencies = (
			);
			name = iOSBasicSocket;
			productName = iOSBasicSocket;
			productReference = F1C6721C19A5D05000A319D3 /* iOSBasicSocket.app */;
			productType = "com.apple.product-type.application";
		};
		F1C6723F19A5D05000A319D3 /* iOSBasicSocketTests */ = {
			isa = PBXNativeTarget;
			buildConfigurationList = F1C6725419A5D05000A319D3 /* Build configuration list for PBXNativeTarget "iOSBasicSocketTests" */;
			buildPhases = (
				F1C6723C19A5D05000A319D3 /* Sources */,
				F1C6723D19A5D05000A319D3 /* Frameworks */,
				F1C6723E19A5D05000A319D3 /* Resources */,
			);
			buildRules = (
			);
			dependencies = (
				F1C6724619A5D05000A319D3 /* PBXTargetDependency */,
			);
			name = iOSBasicSocketTests;
			productName = iOSBasicSocketTests;
			productReference = F1C6724019A5D05000A319D3 /* iOSBasicSocketTests.xctest */;
			productType = "com.apple.product-type.bundle.unit-test";
		};
/* End PBXNativeTarget section */

/* Begin PBXProject section */
		F1C6721419A5D05000A319D3 /* Project object */ = {
			isa = PBXProject;
			attributes = {
				CLASSPREFIX = WN;
				LastUpgradeCheck = 0510;
				ORGANIZATIONNAME = Woonohyo;
				TargetAttributes = {
					F1C6723F19A5D05000A319D3 = {
						TestTargetID = F1C6721B19A5D05000A319D3;
					};
				};
			};
			buildConfigurationList = F1C6721719A5D05000A319D3 /* Build configuration list for PBXProject "iOSBasicSocket" */;
			compatibilityVersion = "Xcode 3.2";
			developmentRegion = English;
			hasScannedForEncodings = 0;
			knownRegions = (
				en,
				Base,
			);
			mainGroup = F1C6721319A5D05000A319D3;
			productRefGroup = F1C6721D19A5D05000A319D3 /* Products */;
			projectDirPath = "";
			projectRoot = "";
			targets = (
				F1C6721B19A5D05000A319D3 /* iOSBasicSocket */,
				F1C6723F19A5D05000A319D3 /* iOSBasicSocketTests */,
			);
		};
/* End PBXProject section */

/* Begin PBXResourcesBuildPhase section */
		F1C6721A19A5D05000A319D3 /* Resources */ = {
			isa = PBXResourcesBuildPhase;
			buildActionMask = 2147483647;
			files = (
				F1C6723B19A5D05000A319D3 /* Images.xcassets in Resources */,
				F1C6722A19A5D05000A319D3 /* InfoPlist.strings in Resources */,
				F1C6723319A5D05000A319D3 /* Main.storyboard in Resources */,
			);
			runOnlyForDeploymentPostprocessing = 0;
		};
		F1C6723E19A5D05000A319D3 /* Resources */ = {
			isa = PBXResourcesBuildPhase;
			buildActionMask = 2147483647;
			files = (
				F1C6724C19A5D05000A319D3 /* InfoPlist.strings in Resources */,
			);
			runOnlyForDeploymentPostprocessing = 0;
		};
/* End PBXResourcesBuildPhase section */

/* Begin PBXSourcesBuildPhase section */
		F1C6721819A5D05000A319D3 /* Sources */ = {
			isa = PBXSourcesBuildPhase;
			buildActionMask = 2147483647;
			files = (
				F1C6722C19A5D05000A319D3 /* main.m in Sources */,
				F1C6725C19A5D99600A319D3 /* NSNumber+Network.m in Sources */,
				F1C6723019A5D05000A319D3 /* WNAppDelegate.m in Sources */,
				F1C6723919A5D05000A319D3 /* WNDetailViewController.m in Sources */,
				F1C6723619A5D05000A319D3 /* WNMasterViewController.m in Sources */,
			);
			runOnlyForDeploymentPostprocessing = 0;
		};
		F1C6723C19A5D05000A319D3 /* Sources */ = {
			isa = PBXSourcesBuildPhase;
			buildActionMask = 2147483647;
			files = (
				F1C6724E19A5D05000A319D3 /* iOSBasicSocketTests.m in Sources */,
			);
			runOnlyForDeploymentPostprocessing = 0;
		};
/* End PBXSourcesBuildPhase section */

/* Begin PBXTargetDependency section */
		F1C6724619A5D05000A319D3 /* PBXTargetDependency */ = {
			isa = PBXTargetDependency;
			target = F1C6721B19A5D05000A319D3 /* iOSBasicSocket */;
			targetProxy = F1C6724519A5D05000A319D3 /* PBXContainerItemProxy */;
		};
/* End PBXTargetDependency section */

/* Begin PBXVariantGroup section */
		F1C6722819A5D05000A319D3 /* InfoPlist.strings */ = {
			isa = PBXVariantGroup;
			children = (
				F1C6722919A5D05000A319D3 /* en */,
			);
			name = InfoPlist.strings;
			sourceTree = "<group>";
		};
		F1C6723119A5D05000A319D3 /* Main.storyboard */ = {
			isa = PBXVariantGroup;
			children = (
				F1C6723219A5D05000A319D3 /* Base */,
			);
			name = Main.storyboard;
			sourceTree = "<group>";
		};
		F1C6724A19A5D05000A319D3 /* InfoPlist.strings */ = {
			isa = PBXVariantGroup;
			children = (
				F1C6724B19A5D05000A319D3 /* en */,
			);
			name = InfoPlist.strings;
			sourceTree = "<group>";
		};
/* End PBXVariantGroup section */

/* Begin XCBuildConfiguration section */
		F1C6724F19A5D05000A319D3 /* Debug */ = {
			isa = XCBuildConfiguration;
			buildSettings = {
				ALWAYS_SEARCH_USER_PATHS = NO;
				CLANG_CXX_LANGUAGE_STANDARD = "gnu++0x";
				CLANG_CXX_LIBRARY = "libc++";
				CLANG_ENABLE_MODULES = YES;
				CLANG_ENABLE_OBJC_ARC = YES;
				CLANG_WARN_BOOL_CONVERSION = YES;
				CLANG_WARN_CONSTANT_CONVERSION = YES;
				CLANG_WARN_DIRECT_OBJC_ISA_USAGE = YES_ERROR;
				CLANG_WARN_EMPTY_BODY = YES;
				CLANG_WARN_ENUM_CONVERSION = YES;
				CLANG_WARN_INT_CONVERSION = YES;
				CLANG_WARN_OBJC_ROOT_CLASS = YES_ERROR;
				CLANG_WARN__DUPLICATE_METHOD_MATCH = YES;
				"CODE_SIGN_IDENTITY[sdk=iphoneos*]" = "iPhone Developer";
				COPY_PHASE_STRIP = NO;
				GCC_C_LANGUAGE_STANDARD = gnu99;
				GCC_DYNAMIC_NO_PIC = NO;
				GCC_OPTIMIZATION_LEVEL = 0;
				GCC_PREPROCESSOR_DEFINITIONS = (
					"DEBUG=1",
					"$(inherited)",
				);
				GCC_SYMBOLS_PRIVATE_EXTERN = NO;
				GCC_WARN_64_TO_32_BIT_CONVERSION = YES;
				GCC_WARN_ABOUT_RETURN_TYPE = YES_ERROR;
				GCC_WARN_UNDECLARED_SELECTOR = YES;
				GCC_WARN_UNINITIALIZED_AUTOS = YES_AGGRESSIVE;
				GCC_WARN_UNUSED_FUNCTION = YES;
				GCC_WARN_UNUSED_VARIABLE = YES;
				IPHONEOS_DEPLOYMENT_TARGET = 7.1;
				ONLY_ACTIVE_ARCH = YES;
				SDKROOT = iphoneos;
			};
			name = Debug;
		};
		F1C6725019A5D05000A319D3 /* Release */ = {
			isa = XCBuildConfiguration;
			buildSettings = {
				ALWAYS_SEARCH_USER_PATHS = NO;
				CLANG_CXX_LANGUAGE_STANDARD = "gnu++0x";
				CLANG_CXX_LIBRARY = "libc++";
				CLANG_ENABLE_MODULES = YES;
				CLANG_ENABLE_OBJC_ARC = YES;
				CLANG_WARN_BOOL_CONVERSION = YES;
				CLANG_WARN_CONSTANT_CONVERSION = YES;
				CLANG_WARN_DIRECT_OBJC_ISA_USAGE = YES_ERROR;
				CLANG_WARN_EMPTY_BODY = YES;
				CLANG_WARN_ENUM_CONVERSION = YES;
				CLANG_WARN_INT_CONVERSION = YES;
				CLANG_WARN_OBJC_ROOT_CLASS = YES_ERROR;
				CLANG_WARN__DUPLICATE_METHOD_MATCH = YES;
				"CODE_SIGN_IDENTITY[sdk=iphoneos*]" = "iPhone Developer";
				COPY_PHASE_STRIP = YES;
				ENABLE_NS_ASSERTIONS = NO;
				GCC_C_LANGUAGE_STANDARD = gnu99;
				GCC_WARN_64_TO_32_BIT_CONVERSION = YES;
				GCC_WARN_ABOUT_RETURN_TYPE = YES_ERROR;
				GCC_WARN_UNDECLARED_SELECTOR = YES;
				GCC_WARN_UNINITIALIZED_AUTOS = YES_AGGRESSIVE;
				GCC_WARN_UNUSED_FUNCTION = YES;
				GCC_WARN_UNUSED_VARIABLE = YES;
				IPHONEOS_DEPLOYMENT_TARGET = 7.1;
				SDKROOT = iphoneos;
				VALIDATE_PRODUCT = YES;
			};
			name = Release;
		};
		F1C6725219A5D05000A319D3 /* Debug */ = {
			isa = XCBuildConfiguration;
			buildSettings = {
				ASSETCATALOG_COMPILER_APPICON_NAME = AppIcon;
				ASSETCATALOG_COMPILER_LAUNCHIMAGE_NAME = LaunchImage;
				GCC_PRECOMPILE_PREFIX_HEADER = YES;
				GCC_PREFIX_HEADER = "iOSBasicSocket/iOSBasicSocket-Prefix.pch";
				INFOPLIST_FILE = "iOSBasicSocket/iOSBasicSocket-Info.plist";
				PRODUCT_NAME = "$(TARGET_NAME)";
				WRAPPER_EXTENSION = app;
			};
			name = Debug;
		};
		F1C6725319A5D05000A319D3 /* Release */ = {
			isa = XCBuildConfiguration;
			buildSettings = {
				ASSETCATALOG_COMPILER_APPICON_NAME = AppIcon;
				ASSETCATALOG_COMPILER_LAUNCHIMAGE_NAME = LaunchImage;
				GCC_PRECOMPILE_PREFIX_HEADER = YES;
				GCC_PREFIX_HEADER = "iOSBasicSocket/iOSBasicSocket-Prefix.pch";
				INFOPLIST_FILE = "iOSBasicSocket/iOSBasicSocket-Info.plist";
				PRODUCT_NAME = "$(TARGET_NAME)";
				WRAPPER_EXTENSION = app;
			};
			name = Release;
		};
		F1C6725519A5D05000A319D3 /* Debug */ = {
			isa = XCBuildConfiguration;
			buildSettings = {
				BUNDLE_LOADER = "$(BUILT_PRODUCTS_DIR)/iOSBasicSocket.app/iOSBasicSocket";
				FRAMEWORK_SEARCH_PATHS = (
					"$(SDKROOT)/Developer/Library/Frameworks",
					"$(inherited)",
					"$(DEVELOPER_FRAMEWORKS_DIR)",
				);
				GCC_PRECOMPILE_PREFIX_HEADER = YES;
				GCC_PREFIX_HEADER = "iOSBasicSocket/iOSBasicSocket-Prefix.pch";
				GCC_PREPROCESSOR_DEFINITIONS = (
					"DEBUG=1",
					"$(inherited)",
				);
				INFOPLIST_FILE = "iOSBasicSocketTests/iOSBasicSocketTests-Info.plist";
				PRODUCT_NAME = "$(TARGET_NAME)";
				TEST_HOST = "$(BUNDLE_LOADER)";
				WRAPPER_EXTENSION = xctest;
			};
			name = Debug;
		};
		F1C6725619A5D05000A319D3 /* Release */ = {
			isa = XCBuildConfiguration;
			buildSettings = {
				BUNDLE_LOADER = "$(BUILT_PRODUCTS_DIR)/iOSBasicSocket.app/iOSBasicSocket";
				FRAMEWORK_SEARCH_PATHS = (
					"$(SDKROOT)/Developer/Library/Frameworks",
					"$(inherited)",
					"$(DEVELOPER_FRAMEWORKS_DIR)",
				);
				GCC_PRECOMPILE_PREFIX_HEADER = YES;
				GCC_PREFIX_HEADER = "iOSBasicSocket/iOSBasicSocket-Prefix.pch";
				INFOPLIST_FILE = "iOSBasicSocketTests/iOSBasicSocketTests-Info.plist";
				PRODUCT_NAME = "$(TARGET_NAME)";
				TEST_HOST = "$(BUNDLE_LOADER)";
				WRAPPER_EXTENSION = xctest;
			};
			name = Release;
		};
/* End XCBuildConfiguration section */

/* Begin XCConfigurationList section */
		F1C6721719A5D05000A319D3 /* Build configuration list for PBXProject "iOSBasicSocket" */ = {
			isa = XCConfigurationList;
			buildConfigurations = (
				F1C6724F19A5D05000A319D3 /* Debug */,
				F1C6725019A5D05000A319D3 /* Release */,
			);
			defaultConfigurationIsVisible = 0;
			defaultConfigurationName = Release;
		};
		F1C6725119A5D05000A319D3 /* Build configuration list for PBXNativeTarget "iOSBasicSocket" */ = {
			isa = XCConfigurationList;
			buildConfigurations = (
				F1C6725219A5D05000A319D3 /* Debug */,
				F1C6725319A5D05000A319D3 /* Release */,
			);
			defaultConfigurationIsVisible = 0;
		};
		F1C6725419A5D05000A319D3 /* Build configuration list for PBXNativeTarget "iOSBasicSocketTests" */ = {
			isa = XCConfigurationList;
			buildConfigurations = (
				F1C6725519A5D05000A319D3 /* Debug */,
				F1C6725619A5D05000A319D3 /* Release */,
			);
			defaultConfigurationIsVisible = 0;
		};
/* End XCConfigurationList section */
	};
	rootObject = F1C6721419A5D05000A319D3 /* Project object */;
}
