// !$*UTF8*$!
{
	archiveVersion = 1;
	classes = {
	};
	objectVersion = 46;
	objects = {

/* Begin PBXBuildFile section */
		F1D66470198A16E100A2FBD4 /* Foundation.framework in Frameworks */ = {isa = PBXBuildFile; fileRef = F1D6646F198A16E100A2FBD4 /* Foundation.framework */; };
		F1D66472198A16E100A2FBD4 /* CoreGraphics.framework in Frameworks */ = {isa = PBXBuildFile; fileRef = F1D66471198A16E100A2FBD4 /* CoreGraphics.framework */; };
		F1D66474198A16E100A2FBD4 /* UIKit.framework in Frameworks */ = {isa = PBXBuildFile; fileRef = F1D66473198A16E100A2FBD4 /* UIKit.framework */; };
		F1D6647A198A16E100A2FBD4 /* InfoPlist.strings in Resources */ = {isa = PBXBuildFile; fileRef = F1D66478198A16E100A2FBD4 /* InfoPlist.strings */; };
		F1D6647C198A16E100A2FBD4 /* main.m in Sources */ = {isa = PBXBuildFile; fileRef = F1D6647B198A16E100A2FBD4 /* main.m */; };
		F1D66480198A16E100A2FBD4 /* WNAppDelegate.m in Sources */ = {isa = PBXBuildFile; fileRef = F1D6647F198A16E100A2FBD4 /* WNAppDelegate.m */; };
		F1D66482198A16E100A2FBD4 /* Images.xcassets in Resources */ = {isa = PBXBuildFile; fileRef = F1D66481198A16E100A2FBD4 /* Images.xcassets */; };
		F1D66489198A16E100A2FBD4 /* XCTest.framework in Frameworks */ = {isa = PBXBuildFile; fileRef = F1D66488198A16E100A2FBD4 /* XCTest.framework */; };
		F1D6648A198A16E100A2FBD4 /* Foundation.framework in Frameworks */ = {isa = PBXBuildFile; fileRef = F1D6646F198A16E100A2FBD4 /* Foundation.framework */; };
		F1D6648B198A16E100A2FBD4 /* UIKit.framework in Frameworks */ = {isa = PBXBuildFile; fileRef = F1D66473198A16E100A2FBD4 /* UIKit.framework */; };
		F1D66493198A16E100A2FBD4 /* InfoPlist.strings in Resources */ = {isa = PBXBuildFile; fileRef = F1D66491198A16E100A2FBD4 /* InfoPlist.strings */; };
		F1D66495198A16E100A2FBD4 /* iOSBasicNotificationTests.m in Sources */ = {isa = PBXBuildFile; fileRef = F1D66494198A16E100A2FBD4 /* iOSBasicNotificationTests.m */; };
		F1D664A3198A17DE00A2FBD4 /* WNMainViewController.m in Sources */ = {isa = PBXBuildFile; fileRef = F1D664A2198A17DE00A2FBD4 /* WNMainViewController.m */; };
		F1D664A6198A183300A2FBD4 /* WNRSPModel.m in Sources */ = {isa = PBXBuildFile; fileRef = F1D664A5198A183300A2FBD4 /* WNRSPModel.m */; };
		F1D664AE198A1FED00A2FBD4 /* scissors.png in Resources */ = {isa = PBXBuildFile; fileRef = F1D664AB198A1FED00A2FBD4 /* scissors.png */; };
		F1D664AF198A1FED00A2FBD4 /* rock.png in Resources */ = {isa = PBXBuildFile; fileRef = F1D664AC198A1FED00A2FBD4 /* rock.png */; };
		F1D664B0198A1FED00A2FBD4 /* paper.png in Resources */ = {isa = PBXBuildFile; fileRef = F1D664AD198A1FED00A2FBD4 /* paper.png */; };
		F1D664B2198A208200A2FBD4 /* readySetGo.jpg in Resources */ = {isa = PBXBuildFile; fileRef = F1D664B1198A208200A2FBD4 /* readySetGo.jpg */; };
/* End PBXBuildFile section */

/* Begin PBXContainerItemProxy section */
		F1D6648C198A16E100A2FBD4 /* PBXContainerItemProxy */ = {
			isa = PBXContainerItemProxy;
			containerPortal = F1D66464198A16E000A2FBD4 /* Project object */;
			proxyType = 1;
			remoteGlobalIDString = F1D6646B198A16E000A2FBD4;
			remoteInfo = iOSBasicNotification;
		};
/* End PBXContainerItemProxy section */

/* Begin PBXFileReference section */
		F1D6646C198A16E100A2FBD4 /* iOSBasicNotification.app */ = {isa = PBXFileReference; explicitFileType = wrapper.application; includeInIndex = 0; path = iOSBasicNotification.app; sourceTree = BUILT_PRODUCTS_DIR; };
		F1D6646F198A16E100A2FBD4 /* Foundation.framework */ = {isa = PBXFileReference; lastKnownFileType = wrapper.framework; name = Foundation.framework; path = System/Library/Frameworks/Foundation.framework; sourceTree = SDKROOT; };
		F1D66471198A16E100A2FBD4 /* CoreGraphics.framework */ = {isa = PBXFileReference; lastKnownFileType = wrapper.framework; name = CoreGraphics.framework; path = System/Library/Frameworks/CoreGraphics.framework; sourceTree = SDKROOT; };
		F1D66473198A16E100A2FBD4 /* UIKit.framework */ = {isa = PBXFileReference; lastKnownFileType = wrapper.framework; name = UIKit.framework; path = System/Library/Frameworks/UIKit.framework; sourceTree = SDKROOT; };
		F1D66477198A16E100A2FBD4 /* iOSBasicNotification-Info.plist */ = {isa = PBXFileReference; lastKnownFileType = text.plist.xml; path = "iOSBasicNotification-Info.plist"; sourceTree = "<group>"; };
		F1D66479198A16E100A2FBD4 /* en */ = {isa = PBXFileReference; lastKnownFileType = text.plist.strings; name = en; path = en.lproj/InfoPlist.strings; sourceTree = "<group>"; };
		F1D6647B198A16E100A2FBD4 /* main.m */ = {isa = PBXFileReference; lastKnownFileType = sourcecode.c.objc; path = main.m; sourceTree = "<group>"; };
		F1D6647D198A16E100A2FBD4 /* iOSBasicNotification-Prefix.pch */ = {isa = PBXFileReference; lastKnownFileType = sourcecode.c.h; path = "iOSBasicNotification-Prefix.pch"; sourceTree = "<group>"; };
		F1D6647E198A16E100A2FBD4 /* WNAppDelegate.h */ = {isa = PBXFileReference; lastKnownFileType = sourcecode.c.h; path = WNAppDelegate.h; sourceTree = "<group>"; };
		F1D6647F198A16E100A2FBD4 /* WNAppDelegate.m */ = {isa = PBXFileReference; lastKnownFileType = sourcecode.c.objc; path = WNAppDelegate.m; sourceTree = "<group>"; };
		F1D66481198A16E100A2FBD4 /* Images.xcassets */ = {isa = PBXFileReference; lastKnownFileType = folder.assetcatalog; path = Images.xcassets; sourceTree = "<group>"; };
		F1D66487198A16E100A2FBD4 /* iOSBasicNotificationTests.xctest */ = {isa = PBXFileReference; explicitFileType = wrapper.cfbundle; includeInIndex = 0; path = iOSBasicNotificationTests.xctest; sourceTree = BUILT_PRODUCTS_DIR; };
		F1D66488198A16E100A2FBD4 /* XCTest.framework */ = {isa = PBXFileReference; lastKnownFileType = wrapper.framework; name = XCTest.framework; path = Library/Frameworks/XCTest.framework; sourceTree = DEVELOPER_DIR; };
		F1D66490198A16E100A2FBD4 /* iOSBasicNotificationTests-Info.plist */ = {isa = PBXFileReference; lastKnownFileType = text.plist.xml; path = "iOSBasicNotificationTests-Info.plist"; sourceTree = "<group>"; };
		F1D66492198A16E100A2FBD4 /* en */ = {isa = PBXFileReference; lastKnownFileType = text.plist.strings; name = en; path = en.lproj/InfoPlist.strings; sourceTree = "<group>"; };
		F1D66494198A16E100A2FBD4 /* iOSBasicNotificationTests.m */ = {isa = PBXFileReference; lastKnownFileType = sourcecode.c.objc; path = iOSBasicNotificationTests.m; sourceTree = "<group>"; };
		F1D664A1198A17DE00A2FBD4 /* WNMainViewController.h */ = {isa = PBXFileReference; fileEncoding = 4; lastKnownFileType = sourcecode.c.h; path = WNMainViewController.h; sourceTree = "<group>"; };
		F1D664A2198A17DE00A2FBD4 /* WNMainViewController.m */ = {isa = PBXFileReference; fileEncoding = 4; lastKnownFileType = sourcecode.c.objc; path = WNMainViewController.m; sourceTree = "<group>"; };
		F1D664A4198A183300A2FBD4 /* WNRSPModel.h */ = {isa = PBXFileReference; fileEncoding = 4; lastKnownFileType = sourcecode.c.h; path = WNRSPModel.h; sourceTree = "<group>"; };
		F1D664A5198A183300A2FBD4 /* WNRSPModel.m */ = {isa = PBXFileReference; fileEncoding = 4; lastKnownFileType = sourcecode.c.objc; path = WNRSPModel.m; sourceTree = "<group>"; };
		F1D664AB198A1FED00A2FBD4 /* scissors.png */ = {isa = PBXFileReference; lastKnownFileType = image.png; path = scissors.png; sourceTree = "<group>"; };
		F1D664AC198A1FED00A2FBD4 /* rock.png */ = {isa = PBXFileReference; lastKnownFileType = image.png; path = rock.png; sourceTree = "<group>"; };
		F1D664AD198A1FED00A2FBD4 /* paper.png */ = {isa = PBXFileReference; lastKnownFileType = image.png; path = paper.png; sourceTree = "<group>"; };
		F1D664B1198A208200A2FBD4 /* readySetGo.jpg */ = {isa = PBXFileReference; lastKnownFileType = image.jpeg; path = readySetGo.jpg; sourceTree = "<group>"; };
/* End PBXFileReference section */

/* Begin PBXFrameworksBuildPhase section */
		F1D66469198A16E000A2FBD4 /* Frameworks */ = {
			isa = PBXFrameworksBuildPhase;
			buildActionMask = 2147483647;
			files = (
				F1D66472198A16E100A2FBD4 /* CoreGraphics.framework in Frameworks */,
				F1D66474198A16E100A2FBD4 /* UIKit.framework in Frameworks */,
				F1D66470198A16E100A2FBD4 /* Foundation.framework in Frameworks */,
			);
			runOnlyForDeploymentPostprocessing = 0;
		};
		F1D66484198A16E100A2FBD4 /* Frameworks */ = {
			isa = PBXFrameworksBuildPhase;
			buildActionMask = 2147483647;
			files = (
				F1D66489198A16E100A2FBD4 /* XCTest.framework in Frameworks */,
				F1D6648B198A16E100A2FBD4 /* UIKit.framework in Frameworks */,
				F1D6648A198A16E100A2FBD4 /* Foundation.framework in Frameworks */,
			);
			runOnlyForDeploymentPostprocessing = 0;
		};
/* End PBXFrameworksBuildPhase section */

/* Begin PBXGroup section */
		F1D66463198A16E000A2FBD4 = {
			isa = PBXGroup;
			children = (
				F1D66475198A16E100A2FBD4 /* iOSBasicNotification */,
				F1D6648E198A16E100A2FBD4 /* iOSBasicNotificationTests */,
				F1D6646E198A16E100A2FBD4 /* Frameworks */,
				F1D6646D198A16E100A2FBD4 /* Products */,
			);
			sourceTree = "<group>";
		};
		F1D6646D198A16E100A2FBD4 /* Products */ = {
			isa = PBXGroup;
			children = (
				F1D6646C198A16E100A2FBD4 /* iOSBasicNotification.app */,
				F1D66487198A16E100A2FBD4 /* iOSBasicNotificationTests.xctest */,
			);
			name = Products;
			sourceTree = "<group>";
		};
		F1D6646E198A16E100A2FBD4 /* Frameworks */ = {
			isa = PBXGroup;
			children = (
				F1D6646F198A16E100A2FBD4 /* Foundation.framework */,
				F1D66471198A16E100A2FBD4 /* CoreGraphics.framework */,
				F1D66473198A16E100A2FBD4 /* UIKit.framework */,
				F1D66488198A16E100A2FBD4 /* XCTest.framework */,
			);
			name = Frameworks;
			sourceTree = "<group>";
		};
		F1D66475198A16E100A2FBD4 /* iOSBasicNotification */ = {
			isa = PBXGroup;
			children = (
				F1D664AA198A1FE000A2FBD4 /* Resources */,
				F1D664A0198A17B400A2FBD4 /* Controller */,
				F1D6649F198A17AF00A2FBD4 /* View */,
				F1D6649E198A17A900A2FBD4 /* Model */,
				F1D6647E198A16E100A2FBD4 /* WNAppDelegate.h */,
				F1D6647F198A16E100A2FBD4 /* WNAppDelegate.m */,
				F1D66481198A16E100A2FBD4 /* Images.xcassets */,
				F1D66476198A16E100A2FBD4 /* Supporting Files */,
			);
			path = iOSBasicNotification;
			sourceTree = "<group>";
		};
		F1D66476198A16E100A2FBD4 /* Supporting Files */ = {
			isa = PBXGroup;
			children = (
				F1D66477198A16E100A2FBD4 /* iOSBasicNotification-Info.plist */,
				F1D66478198A16E100A2FBD4 /* InfoPlist.strings */,
				F1D6647B198A16E100A2FBD4 /* main.m */,
				F1D6647D198A16E100A2FBD4 /* iOSBasicNotification-Prefix.pch */,
			);
			name = "Supporting Files";
			sourceTree = "<group>";
		};
		F1D6648E198A16E100A2FBD4 /* iOSBasicNotificationTests */ = {
			isa = PBXGroup;
			children = (
				F1D66494198A16E100A2FBD4 /* iOSBasicNotificationTests.m */,
				F1D6648F198A16E100A2FBD4 /* Supporting Files */,
			);
			path = iOSBasicNotificationTests;
			sourceTree = "<group>";
		};
		F1D6648F198A16E100A2FBD4 /* Supporting Files */ = {
			isa = PBXGroup;
			children = (
				F1D66490198A16E100A2FBD4 /* iOSBasicNotificationTests-Info.plist */,
				F1D66491198A16E100A2FBD4 /* InfoPlist.strings */,
			);
			name = "Supporting Files";
			sourceTree = "<group>";
		};
		F1D6649E198A17A900A2FBD4 /* Model */ = {
			isa = PBXGroup;
			children = (
				F1D664A4198A183300A2FBD4 /* WNRSPModel.h */,
				F1D664A5198A183300A2FBD4 /* WNRSPModel.m */,
			);
			name = Model;
			sourceTree = "<group>";
		};
		F1D6649F198A17AF00A2FBD4 /* View */ = {
			isa = PBXGroup;
			children = (
			);
			name = View;
			sourceTree = "<group>";
		};
		F1D664A0198A17B400A2FBD4 /* Controller */ = {
			isa = PBXGroup;
			children = (
				F1D664A1198A17DE00A2FBD4 /* WNMainViewController.h */,
				F1D664A2198A17DE00A2FBD4 /* WNMainViewController.m */,
			);
			name = Controller;
			sourceTree = "<group>";
		};
		F1D664AA198A1FE000A2FBD4 /* Resources */ = {
			isa = PBXGroup;
			children = (
				F1D664B1198A208200A2FBD4 /* readySetGo.jpg */,
				F1D664AB198A1FED00A2FBD4 /* scissors.png */,
				F1D664AC198A1FED00A2FBD4 /* rock.png */,
				F1D664AD198A1FED00A2FBD4 /* paper.png */,
			);
			name = Resources;
			sourceTree = "<group>";
		};
/* End PBXGroup section */

/* Begin PBXNativeTarget section */
		F1D6646B198A16E000A2FBD4 /* iOSBasicNotification */ = {
			isa = PBXNativeTarget;
			buildConfigurationList = F1D66498198A16E100A2FBD4 /* Build configuration list for PBXNativeTarget "iOSBasicNotification" */;
			buildPhases = (
				F1D66468198A16E000A2FBD4 /* Sources */,
				F1D66469198A16E000A2FBD4 /* Frameworks */,
				F1D6646A198A16E000A2FBD4 /* Resources */,
			);
			buildRules = (
			);
			dependencies = (
			);
			name = iOSBasicNotification;
			productName = iOSBasicNotification;
			productReference = F1D6646C198A16E100A2FBD4 /* iOSBasicNotification.app */;
			productType = "com.apple.product-type.application";
		};
		F1D66486198A16E100A2FBD4 /* iOSBasicNotificationTests */ = {
			isa = PBXNativeTarget;
			buildConfigurationList = F1D6649B198A16E100A2FBD4 /* Build configuration list for PBXNativeTarget "iOSBasicNotificationTests" */;
			buildPhases = (
				F1D66483198A16E100A2FBD4 /* Sources */,
				F1D66484198A16E100A2FBD4 /* Frameworks */,
				F1D66485198A16E100A2FBD4 /* Resources */,
			);
			buildRules = (
			);
			dependencies = (
				F1D6648D198A16E100A2FBD4 /* PBXTargetDependency */,
			);
			name = iOSBasicNotificationTests;
			productName = iOSBasicNotificationTests;
			productReference = F1D66487198A16E100A2FBD4 /* iOSBasicNotificationTests.xctest */;
			productType = "com.apple.product-type.bundle.unit-test";
		};
/* End PBXNativeTarget section */

/* Begin PBXProject section */
		F1D66464198A16E000A2FBD4 /* Project object */ = {
			isa = PBXProject;
			attributes = {
				CLASSPREFIX = WN;
				LastUpgradeCheck = 0510;
				ORGANIZATIONNAME = Woonohyo;
				TargetAttributes = {
					F1D66486198A16E100A2FBD4 = {
						TestTargetID = F1D6646B198A16E000A2FBD4;
					};
				};
			};
			buildConfigurationList = F1D66467198A16E000A2FBD4 /* Build configuration list for PBXProject "iOSBasicNotification" */;
			compatibilityVersion = "Xcode 3.2";
			developmentRegion = English;
			hasScannedForEncodings = 0;
			knownRegions = (
				en,
			);
			mainGroup = F1D66463198A16E000A2FBD4;
			productRefGroup = F1D6646D198A16E100A2FBD4 /* Products */;
			projectDirPath = "";
			projectRoot = "";
			targets = (
				F1D6646B198A16E000A2FBD4 /* iOSBasicNotification */,
				F1D66486198A16E100A2FBD4 /* iOSBasicNotificationTests */,
			);
		};
/* End PBXProject section */

/* Begin PBXResourcesBuildPhase section */
		F1D6646A198A16E000A2FBD4 /* Resources */ = {
			isa = PBXResourcesBuildPhase;
			buildActionMask = 2147483647;
			files = (
				F1D664B0198A1FED00A2FBD4 /* paper.png in Resources */,
				F1D664AE198A1FED00A2FBD4 /* scissors.png in Resources */,
				F1D664B2198A208200A2FBD4 /* readySetGo.jpg in Resources */,
				F1D6647A198A16E100A2FBD4 /* InfoPlist.strings in Resources */,
				F1D66482198A16E100A2FBD4 /* Images.xcassets in Resources */,
				F1D664AF198A1FED00A2FBD4 /* rock.png in Resources */,
			);
			runOnlyForDeploymentPostprocessing = 0;
		};
		F1D66485198A16E100A2FBD4 /* Resources */ = {
			isa = PBXResourcesBuildPhase;
			buildActionMask = 2147483647;
			files = (
				F1D66493198A16E100A2FBD4 /* InfoPlist.strings in Resources */,
			);
			runOnlyForDeploymentPostprocessing = 0;
		};
/* End PBXResourcesBuildPhase section */

/* Begin PBXSourcesBuildPhase section */
		F1D66468198A16E000A2FBD4 /* Sources */ = {
			isa = PBXSourcesBuildPhase;
			buildActionMask = 2147483647;
			files = (
				F1D6647C198A16E100A2FBD4 /* main.m in Sources */,
				F1D66480198A16E100A2FBD4 /* WNAppDelegate.m in Sources */,
				F1D664A6198A183300A2FBD4 /* WNRSPModel.m in Sources */,
				F1D664A3198A17DE00A2FBD4 /* WNMainViewController.m in Sources */,
			);
			runOnlyForDeploymentPostprocessing = 0;
		};
		F1D66483198A16E100A2FBD4 /* Sources */ = {
			isa = PBXSourcesBuildPhase;
			buildActionMask = 2147483647;
			files = (
				F1D66495198A16E100A2FBD4 /* iOSBasicNotificationTests.m in Sources */,
			);
			runOnlyForDeploymentPostprocessing = 0;
		};
/* End PBXSourcesBuildPhase section */

/* Begin PBXTargetDependency section */
		F1D6648D198A16E100A2FBD4 /* PBXTargetDependency */ = {
			isa = PBXTargetDependency;
			target = F1D6646B198A16E000A2FBD4 /* iOSBasicNotification */;
			targetProxy = F1D6648C198A16E100A2FBD4 /* PBXContainerItemProxy */;
		};
/* End PBXTargetDependency section */

/* Begin PBXVariantGroup section */
		F1D66478198A16E100A2FBD4 /* InfoPlist.strings */ = {
			isa = PBXVariantGroup;
			children = (
				F1D66479198A16E100A2FBD4 /* en */,
			);
			name = InfoPlist.strings;
			sourceTree = "<group>";
		};
		F1D66491198A16E100A2FBD4 /* InfoPlist.strings */ = {
			isa = PBXVariantGroup;
			children = (
				F1D66492198A16E100A2FBD4 /* en */,
			);
			name = InfoPlist.strings;
			sourceTree = "<group>";
		};
/* End PBXVariantGroup section */

/* Begin XCBuildConfiguration section */
		F1D66496198A16E100A2FBD4 /* Debug */ = {
			isa = XCBuildConfiguration;
			buildSettings = {
				ALWAYS_SEARCH_USER_PATHS = NO;
				CLANG_CXX_LANGUAGE_STANDARD = "gnu++0x";
				CLANG_CXX_LIBRARY = "libc++";
				CLANG_ENABLE_MODULES = YES;
				CLANG_ENABLE_OBJC_ARC = YES;
				CLANG_WARN_BOOL_CONVERSION = YES;
				CLANG_WARN_CONSTANT_CONVERSION = YES;
				CLANG_WARN_DIRECT_OBJC_ISA_USAGE = YES_ERROR;
				CLANG_WARN_EMPTY_BODY = YES;
				CLANG_WARN_ENUM_CONVERSION = YES;
				CLANG_WARN_INT_CONVERSION = YES;
				CLANG_WARN_OBJC_ROOT_CLASS = YES_ERROR;
				CLANG_WARN__DUPLICATE_METHOD_MATCH = YES;
				"CODE_SIGN_IDENTITY[sdk=iphoneos*]" = "iPhone Developer";
				COPY_PHASE_STRIP = NO;
				GCC_C_LANGUAGE_STANDARD = gnu99;
				GCC_DYNAMIC_NO_PIC = NO;
				GCC_OPTIMIZATION_LEVEL = 0;
				GCC_PREPROCESSOR_DEFINITIONS = (
					"DEBUG=1",
					"$(inherited)",
				);
				GCC_SYMBOLS_PRIVATE_EXTERN = NO;
				GCC_WARN_64_TO_32_BIT_CONVERSION = YES;
				GCC_WARN_ABOUT_RETURN_TYPE = YES_ERROR;
				GCC_WARN_UNDECLARED_SELECTOR = YES;
				GCC_WARN_UNINITIALIZED_AUTOS = YES_AGGRESSIVE;
				GCC_WARN_UNUSED_FUNCTION = YES;
				GCC_WARN_UNUSED_VARIABLE = YES;
				IPHONEOS_DEPLOYMENT_TARGET = 7.1;
				ONLY_ACTIVE_ARCH = YES;
				SDKROOT = iphoneos;
			};
			name = Debug;
		};
		F1D66497198A16E100A2FBD4 /* Release */ = {
			isa = XCBuildConfiguration;
			buildSettings = {
				ALWAYS_SEARCH_USER_PATHS = NO;
				CLANG_CXX_LANGUAGE_STANDARD = "gnu++0x";
				CLANG_CXX_LIBRARY = "libc++";
				CLANG_ENABLE_MODULES = YES;
				CLANG_ENABLE_OBJC_ARC = YES;
				CLANG_WARN_BOOL_CONVERSION = YES;
				CLANG_WARN_CONSTANT_CONVERSION = YES;
				CLANG_WARN_DIRECT_OBJC_ISA_USAGE = YES_ERROR;
				CLANG_WARN_EMPTY_BODY = YES;
				CLANG_WARN_ENUM_CONVERSION = YES;
				CLANG_WARN_INT_CONVERSION = YES;
				CLANG_WARN_OBJC_ROOT_CLASS = YES_ERROR;
				CLANG_WARN__DUPLICATE_METHOD_MATCH = YES;
				"CODE_SIGN_IDENTITY[sdk=iphoneos*]" = "iPhone Developer";
				COPY_PHASE_STRIP = YES;
				ENABLE_NS_ASSERTIONS = NO;
				GCC_C_LANGUAGE_STANDARD = gnu99;
				GCC_WARN_64_TO_32_BIT_CONVERSION = YES;
				GCC_WARN_ABOUT_RETURN_TYPE = YES_ERROR;
				GCC_WARN_UNDECLARED_SELECTOR = YES;
				GCC_WARN_UNINITIALIZED_AUTOS = YES_AGGRESSIVE;
				GCC_WARN_UNUSED_FUNCTION = YES;
				GCC_WARN_UNUSED_VARIABLE = YES;
				IPHONEOS_DEPLOYMENT_TARGET = 7.1;
				SDKROOT = iphoneos;
				VALIDATE_PRODUCT = YES;
			};
			name = Release;
		};
		F1D66499198A16E100A2FBD4 /* Debug */ = {
			isa = XCBuildConfiguration;
			buildSettings = {
				ASSETCATALOG_COMPILER_APPICON_NAME = AppIcon;
				ASSETCATALOG_COMPILER_LAUNCHIMAGE_NAME = LaunchImage;
				GCC_PRECOMPILE_PREFIX_HEADER = YES;
				GCC_PREFIX_HEADER = "iOSBasicNotification/iOSBasicNotification-Prefix.pch";
				INFOPLIST_FILE = "iOSBasicNotification/iOSBasicNotification-Info.plist";
				PRODUCT_NAME = "$(TARGET_NAME)";
				WRAPPER_EXTENSION = app;
			};
			name = Debug;
		};
		F1D6649A198A16E100A2FBD4 /* Release */ = {
			isa = XCBuildConfiguration;
			buildSettings = {
				ASSETCATALOG_COMPILER_APPICON_NAME = AppIcon;
				ASSETCATALOG_COMPILER_LAUNCHIMAGE_NAME = LaunchImage;
				GCC_PRECOMPILE_PREFIX_HEADER = YES;
				GCC_PREFIX_HEADER = "iOSBasicNotification/iOSBasicNotification-Prefix.pch";
				INFOPLIST_FILE = "iOSBasicNotification/iOSBasicNotification-Info.plist";
				PRODUCT_NAME = "$(TARGET_NAME)";
				WRAPPER_EXTENSION = app;
			};
			name = Release;
		};
		F1D6649C198A16E100A2FBD4 /* Debug */ = {
			isa = XCBuildConfiguration;
			buildSettings = {
				BUNDLE_LOADER = "$(BUILT_PRODUCTS_DIR)/iOSBasicNotification.app/iOSBasicNotification";
				FRAMEWORK_SEARCH_PATHS = (
					"$(SDKROOT)/Developer/Library/Frameworks",
					"$(inherited)",
					"$(DEVELOPER_FRAMEWORKS_DIR)",
				);
				GCC_PRECOMPILE_PREFIX_HEADER = YES;
				GCC_PREFIX_HEADER = "iOSBasicNotification/iOSBasicNotification-Prefix.pch";
				GCC_PREPROCESSOR_DEFINITIONS = (
					"DEBUG=1",
					"$(inherited)",
				);
				INFOPLIST_FILE = "iOSBasicNotificationTests/iOSBasicNotificationTests-Info.plist";
				PRODUCT_NAME = "$(TARGET_NAME)";
				TEST_HOST = "$(BUNDLE_LOADER)";
				WRAPPER_EXTENSION = xctest;
			};
			name = Debug;
		};
		F1D6649D198A16E100A2FBD4 /* Release */ = {
			isa = XCBuildConfiguration;
			buildSettings = {
				BUNDLE_LOADER = "$(BUILT_PRODUCTS_DIR)/iOSBasicNotification.app/iOSBasicNotification";
				FRAMEWORK_SEARCH_PATHS = (
					"$(SDKROOT)/Developer/Library/Frameworks",
					"$(inherited)",
					"$(DEVELOPER_FRAMEWORKS_DIR)",
				);
				GCC_PRECOMPILE_PREFIX_HEADER = YES;
				GCC_PREFIX_HEADER = "iOSBasicNotification/iOSBasicNotification-Prefix.pch";
				INFOPLIST_FILE = "iOSBasicNotificationTests/iOSBasicNotificationTests-Info.plist";
				PRODUCT_NAME = "$(TARGET_NAME)";
				TEST_HOST = "$(BUNDLE_LOADER)";
				WRAPPER_EXTENSION = xctest;
			};
			name = Release;
		};
/* End XCBuildConfiguration section */

/* Begin XCConfigurationList section */
		F1D66467198A16E000A2FBD4 /* Build configuration list for PBXProject "iOSBasicNotification" */ = {
			isa = XCConfigurationList;
			buildConfigurations = (
				F1D66496198A16E100A2FBD4 /* Debug */,
				F1D66497198A16E100A2FBD4 /* Release */,
			);
			defaultConfigurationIsVisible = 0;
			defaultConfigurationName = Release;
		};
		F1D66498198A16E100A2FBD4 /* Build configuration list for PBXNativeTarget "iOSBasicNotification" */ = {
			isa = XCConfigurationList;
			buildConfigurations = (
				F1D66499198A16E100A2FBD4 /* Debug */,
				F1D6649A198A16E100A2FBD4 /* Release */,
			);
			defaultConfigurationIsVisible = 0;
		};
		F1D6649B198A16E100A2FBD4 /* Build configuration list for PBXNativeTarget "iOSBasicNotificationTests" */ = {
			isa = XCConfigurationList;
			buildConfigurations = (
				F1D6649C198A16E100A2FBD4 /* Debug */,
				F1D6649D198A16E100A2FBD4 /* Release */,
			);
			defaultConfigurationIsVisible = 0;
		};
/* End XCConfigurationList section */
	};
	rootObject = F1D66464198A16E000A2FBD4 /* Project object */;
}
